// !$*UTF8*$!
{
	archiveVersion = 1;
	classes = {
	};
	objectVersion = 70;
	objects = {

/* Begin PBXBuildFile section */
		8B03757F2D4569EB0010BBE0 /* MainTabView.swift in Sources */ = {isa = PBXBuildFile; fileRef = 8B03757E2D4569EB0010BBE0 /* MainTabView.swift */; };
		8B0375812D4573D20010BBE0 /* HomeViewModel.swift in Sources */ = {isa = PBXBuildFile; fileRef = 8B0375802D4573D20010BBE0 /* HomeViewModel.swift */; };
		8B0375892D4574C00010BBE0 /* HomeView.swift in Sources */ = {isa = PBXBuildFile; fileRef = 8B0375882D4574C00010BBE0 /* HomeView.swift */; };
		8B03758C2D4575290010BBE0 /* ExploreView.swift in Sources */ = {isa = PBXBuildFile; fileRef = 8B03758B2D4575290010BBE0 /* ExploreView.swift */; };
		8B03758E2D457B540010BBE0 /* TabButton.swift in Sources */ = {isa = PBXBuildFile; fileRef = 8B03758D2D457B540010BBE0 /* TabButton.swift */; };
		8B0375902D4580990010BBE0 /* SearchTextField.swift in Sources */ = {isa = PBXBuildFile; fileRef = 8B03758F2D4580990010BBE0 /* SearchTextField.swift */; };
		8B0375922D4584C80010BBE0 /* SectionTitleAll.swift in Sources */ = {isa = PBXBuildFile; fileRef = 8B0375912D4584C80010BBE0 /* SectionTitleAll.swift */; };
		8B0375942D4587170010BBE0 /* ProductCell.swift in Sources */ = {isa = PBXBuildFile; fileRef = 8B0375932D4587170010BBE0 /* ProductCell.swift */; };
		8B0375962D458C200010BBE0 /* CategoryCell.swift in Sources */ = {isa = PBXBuildFile; fileRef = 8B0375952D458C200010BBE0 /* CategoryCell.swift */; };
		8B04518B2B9745C9002F841E /* GroceriesStoreSwiftUIApp.swift in Sources */ = {isa = PBXBuildFile; fileRef = 8B04518A2B9745C9002F841E /* GroceriesStoreSwiftUIApp.swift */; };
		8B04518F2B9745CA002F841E /* Assets.xcassets in Resources */ = {isa = PBXBuildFile; fileRef = 8B04518E2B9745CA002F841E /* Assets.xcassets */; };
		8B0451922B9745CA002F841E /* Preview Assets.xcassets in Resources */ = {isa = PBXBuildFile; fileRef = 8B0451912B9745CA002F841E /* Preview Assets.xcassets */; };
		8B04519C2B9745CB002F841E /* GroceriesStoreSwiftUITests.swift in Sources */ = {isa = PBXBuildFile; fileRef = 8B04519B2B9745CB002F841E /* GroceriesStoreSwiftUITests.swift */; };
		8B0451A62B9745CB002F841E /* GroceriesStoreSwiftUIUITests.swift in Sources */ = {isa = PBXBuildFile; fileRef = 8B0451A52B9745CB002F841E /* GroceriesStoreSwiftUIUITests.swift */; };
		8B0451A82B9745CB002F841E /* GroceriesStoreSwiftUIUITestsLaunchTests.swift in Sources */ = {isa = PBXBuildFile; fileRef = 8B0451A72B9745CB002F841E /* GroceriesStoreSwiftUIUITestsLaunchTests.swift */; };
		8B0451B92B97476E002F841E /* Gilroy-Regular.ttf in Resources */ = {isa = PBXBuildFile; fileRef = 8B0451B52B97476D002F841E /* Gilroy-Regular.ttf */; };
		8B0451BA2B97476E002F841E /* Gilroy-Bold.ttf in Resources */ = {isa = PBXBuildFile; fileRef = 8B0451B62B97476E002F841E /* Gilroy-Bold.ttf */; };
		8B0451BB2B97476E002F841E /* Gilroy-Medium.ttf in Resources */ = {isa = PBXBuildFile; fileRef = 8B0451B72B97476E002F841E /* Gilroy-Medium.ttf */; };
		8B0451BC2B97476E002F841E /* Gilroy-SemiBold.ttf in Resources */ = {isa = PBXBuildFile; fileRef = 8B0451B82B97476E002F841E /* Gilroy-SemiBold.ttf */; };
		8B0451C52B9749A3002F841E /* WelcomeView.swift in Sources */ = {isa = PBXBuildFile; fileRef = 8B0451C42B9749A3002F841E /* WelcomeView.swift */; };
		8B0451C72B974A03002F841E /* Launch Screen.storyboard in Resources */ = {isa = PBXBuildFile; fileRef = 8B0451C62B974A03002F841E /* Launch Screen.storyboard */; };
		8B0451C92B974E39002F841E /* UIExtension.swift in Sources */ = {isa = PBXBuildFile; fileRef = 8B0451C82B974E39002F841E /* UIExtension.swift */; };
		8B0451CB2B9761EE002F841E /* RoundButton.swift in Sources */ = {isa = PBXBuildFile; fileRef = 8B0451CA2B9761EE002F841E /* RoundButton.swift */; };
		8B0451CD2B976728002F841E /* SignInView.swift in Sources */ = {isa = PBXBuildFile; fileRef = 8B0451CC2B976728002F841E /* SignInView.swift */; };
		8B0451D22B9771E1002F841E /* CountryPickerUI.swift in Sources */ = {isa = PBXBuildFile; fileRef = 8B0451D12B9771E1002F841E /* CountryPickerUI.swift */; };
		8B0451D42B978E91002F841E /* LoginView.swift in Sources */ = {isa = PBXBuildFile; fileRef = 8B0451D32B978E91002F841E /* LoginView.swift */; };
		8B0451D62B9795ED002F841E /* MainViewModel.swift in Sources */ = {isa = PBXBuildFile; fileRef = 8B0451D52B9795ED002F841E /* MainViewModel.swift */; };
		8B0451D82B979826002F841E /* LineTextField.swift in Sources */ = {isa = PBXBuildFile; fileRef = 8B0451D72B979826002F841E /* LineTextField.swift */; };
		8B0451DA2B97FF19002F841E /* ServiceCall.swift in Sources */ = {isa = PBXBuildFile; fileRef = 8B0451D92B97FF19002F841E /* ServiceCall.swift */; };
		8B0451DC2B981183002F841E /* Globs.swift in Sources */ = {isa = PBXBuildFile; fileRef = 8B0451DB2B981183002F841E /* Globs.swift */; };
		8B0451DF2B981758002F841E /* UIKitExtension.swift in Sources */ = {isa = PBXBuildFile; fileRef = 8B0451DE2B981758002F841E /* UIKitExtension.swift */; };
		8B0451E12B9B4511002F841E /* SignUpView.swift in Sources */ = {isa = PBXBuildFile; fileRef = 8B0451E02B9B4511002F841E /* SignUpView.swift */; };
		8B1A49C92D4E7A13002E50C0 /* CountryPicker in Frameworks */ = {isa = PBXBuildFile; productRef = 8B1A49C82D4E7A13002E50C0 /* CountryPicker */; };
		8B1A49CC2D4E7B40002E50C0 /* FavoriteView.swift in Sources */ = {isa = PBXBuildFile; fileRef = 8B1A49CB2D4E7B40002E50C0 /* FavoriteView.swift */; };
		8B1A49CE2D4E7C8C002E50C0 /* FavoriteViewModel.swift in Sources */ = {isa = PBXBuildFile; fileRef = 8B1A49CD2D4E7C8C002E50C0 /* FavoriteViewModel.swift */; };
		8B1A49E92D4E9C9C002E50C0 /* FavoriteRow.swift in Sources */ = {isa = PBXBuildFile; fileRef = 8B1A49E82D4E9C9C002E50C0 /* FavoriteRow.swift */; };
		8B1A49F72D4FD764002E50C0 /* ExploreViewModel.swift in Sources */ = {isa = PBXBuildFile; fileRef = 8B1A49F62D4FD764002E50C0 /* ExploreViewModel.swift */; };
		8B1A49FB2D4FDD62002E50C0 /* ExploreCategoryCell.swift in Sources */ = {isa = PBXBuildFile; fileRef = 8B1A49FA2D4FDD62002E50C0 /* ExploreCategoryCell.swift */; };
		8B5962ED2D6A20FE00D2859D /* AddDeliveryAddressView.swift in Sources */ = {isa = PBXBuildFile; fileRef = 8B5962EC2D6A20FE00D2859D /* AddDeliveryAddressView.swift */; };
		8B5962EF2D6A352F00D2859D /* PromoCodeViewModel.swift in Sources */ = {isa = PBXBuildFile; fileRef = 8B5962EE2D6A352F00D2859D /* PromoCodeViewModel.swift */; };
		8B5962F32D6A380500D2859D /* PromoCodeView.swift in Sources */ = {isa = PBXBuildFile; fileRef = 8B5962F22D6A380500D2859D /* PromoCodeView.swift */; };
		8B5962F52D6A3EB100D2859D /* PaymentViewModel.swift in Sources */ = {isa = PBXBuildFile; fileRef = 8B5962F42D6A3EB100D2859D /* PaymentViewModel.swift */; };
		8B5962F92D6A431200D2859D /* PaymentMethodsView.swift in Sources */ = {isa = PBXBuildFile; fileRef = 8B5962F82D6A431200D2859D /* PaymentMethodsView.swift */; };
		8B5962FB2D6A48AA00D2859D /* AddPaymentMethodView.swift in Sources */ = {isa = PBXBuildFile; fileRef = 8B5962FA2D6A48AA00D2859D /* AddPaymentMethodView.swift */; };
		8B7FA58F2D580C9A009A1BA5 /* CartViewModel.swift in Sources */ = {isa = PBXBuildFile; fileRef = 8B7FA58E2D580C9A009A1BA5 /* CartViewModel.swift */; };
		8B7FA5962D581F8C009A1BA5 /* MyCartView.swift in Sources */ = {isa = PBXBuildFile; fileRef = 8B7FA5952D581F8C009A1BA5 /* MyCartView.swift */; };
		8B7FA5982D5820C7009A1BA5 /* CartItemRow.swift in Sources */ = {isa = PBXBuildFile; fileRef = 8B7FA5972D5820C7009A1BA5 /* CartItemRow.swift */; };
		8BA0F6502D4FE6110035065E /* ExploreItemViewModel.swift in Sources */ = {isa = PBXBuildFile; fileRef = 8BA0F64F2D4FE6110035065E /* ExploreItemViewModel.swift */; };
		8BA0F6522D4FE7A90035065E /* ExploreItemsView.swift in Sources */ = {isa = PBXBuildFile; fileRef = 8BA0F6512D4FE7A90035065E /* ExploreItemsView.swift */; };
		8BB5CFEA2D7358B20047C2C7 /* CheckoutView.swift in Sources */ = {isa = PBXBuildFile; fileRef = 8BB5CFE92D7358B20047C2C7 /* CheckoutView.swift */; };
		8BBBE39F2D610C3400F67DFC /* AccountView.swift in Sources */ = {isa = PBXBuildFile; fileRef = 8BBBE39E2D610C3400F67DFC /* AccountView.swift */; };
		8BBBE3A22D61136100F67DFC /* AccountRow.swift in Sources */ = {isa = PBXBuildFile; fileRef = 8BBBE3A12D61136100F67DFC /* AccountRow.swift */; };
		8BBBE3A42D6115F400F67DFC /* DeliveryAddressView.swift in Sources */ = {isa = PBXBuildFile; fileRef = 8BBBE3A32D6115F400F67DFC /* DeliveryAddressView.swift */; };
		8BBBE3A62D611CA300F67DFC /* DeliveryAddressViewModel.swift in Sources */ = {isa = PBXBuildFile; fileRef = 8BBBE3A52D611CA300F67DFC /* DeliveryAddressViewModel.swift */; };
		8BD483AE2D4686620047D828 /* SDWebImageSwiftUI in Frameworks */ = {isa = PBXBuildFile; productRef = 8BD483AD2D4686620047D828 /* SDWebImageSwiftUI */; };
		8BD483B02D471B9D0047D828 /* ProductDetailView.swift in Sources */ = {isa = PBXBuildFile; fileRef = 8BD483AF2D471B9D0047D828 /* ProductDetailView.swift */; };
		8BD483B22D471C610047D828 /* ProductDetailViewModel.swift in Sources */ = {isa = PBXBuildFile; fileRef = 8BD483B12D471C610047D828 /* ProductDetailViewModel.swift */; };
/* End PBXBuildFile section */

/* Begin PBXContainerItemProxy section */
		8B0451982B9745CB002F841E /* PBXContainerItemProxy */ = {
			isa = PBXContainerItemProxy;
			containerPortal = 8B04517F2B9745C9002F841E /* Project object */;
			proxyType = 1;
			remoteGlobalIDString = 8B0451862B9745C9002F841E;
			remoteInfo = GroceriesStoreSwiftUI;
		};
		8B0451A22B9745CB002F841E /* PBXContainerItemProxy */ = {
			isa = PBXContainerItemProxy;
			containerPortal = 8B04517F2B9745C9002F841E /* Project object */;
			proxyType = 1;
			remoteGlobalIDString = 8B0451862B9745C9002F841E;
			remoteInfo = GroceriesStoreSwiftUI;
		};
/* End PBXContainerItemProxy section */

/* Begin PBXFileReference section */
		8B03757E2D4569EB0010BBE0 /* MainTabView.swift */ = {isa = PBXFileReference; lastKnownFileType = sourcecode.swift; path = MainTabView.swift; sourceTree = "<group>"; };
		8B0375802D4573D20010BBE0 /* HomeViewModel.swift */ = {isa = PBXFileReference; lastKnownFileType = sourcecode.swift; path = HomeViewModel.swift; sourceTree = "<group>"; };
		8B0375882D4574C00010BBE0 /* HomeView.swift */ = {isa = PBXFileReference; lastKnownFileType = sourcecode.swift; path = HomeView.swift; sourceTree = "<group>"; };
		8B03758B2D4575290010BBE0 /* ExploreView.swift */ = {isa = PBXFileReference; lastKnownFileType = sourcecode.swift; path = ExploreView.swift; sourceTree = "<group>"; };
		8B03758D2D457B540010BBE0 /* TabButton.swift */ = {isa = PBXFileReference; lastKnownFileType = sourcecode.swift; path = TabButton.swift; sourceTree = "<group>"; };
		8B03758F2D4580990010BBE0 /* SearchTextField.swift */ = {isa = PBXFileReference; lastKnownFileType = sourcecode.swift; path = SearchTextField.swift; sourceTree = "<group>"; };
		8B0375912D4584C80010BBE0 /* SectionTitleAll.swift */ = {isa = PBXFileReference; lastKnownFileType = sourcecode.swift; path = SectionTitleAll.swift; sourceTree = "<group>"; };
		8B0375932D4587170010BBE0 /* ProductCell.swift */ = {isa = PBXFileReference; lastKnownFileType = sourcecode.swift; path = ProductCell.swift; sourceTree = "<group>"; };
		8B0375952D458C200010BBE0 /* CategoryCell.swift */ = {isa = PBXFileReference; lastKnownFileType = sourcecode.swift; path = CategoryCell.swift; sourceTree = "<group>"; };
		8B0451872B9745C9002F841E /* GroceriesStoreSwiftUI.app */ = {isa = PBXFileReference; explicitFileType = wrapper.application; includeInIndex = 0; path = GroceriesStoreSwiftUI.app; sourceTree = BUILT_PRODUCTS_DIR; };
		8B04518A2B9745C9002F841E /* GroceriesStoreSwiftUIApp.swift */ = {isa = PBXFileReference; lastKnownFileType = sourcecode.swift; path = GroceriesStoreSwiftUIApp.swift; sourceTree = "<group>"; };
		8B04518E2B9745CA002F841E /* Assets.xcassets */ = {isa = PBXFileReference; lastKnownFileType = folder.assetcatalog; path = Assets.xcassets; sourceTree = "<group>"; };
		8B0451912B9745CA002F841E /* Preview Assets.xcassets */ = {isa = PBXFileReference; lastKnownFileType = folder.assetcatalog; path = "Preview Assets.xcassets"; sourceTree = "<group>"; };
		8B0451972B9745CB002F841E /* GroceriesStoreSwiftUITests.xctest */ = {isa = PBXFileReference; explicitFileType = wrapper.cfbundle; includeInIndex = 0; path = GroceriesStoreSwiftUITests.xctest; sourceTree = BUILT_PRODUCTS_DIR; };
		8B04519B2B9745CB002F841E /* GroceriesStoreSwiftUITests.swift */ = {isa = PBXFileReference; lastKnownFileType = sourcecode.swift; path = GroceriesStoreSwiftUITests.swift; sourceTree = "<group>"; };
		8B0451A12B9745CB002F841E /* GroceriesStoreSwiftUIUITests.xctest */ = {isa = PBXFileReference; explicitFileType = wrapper.cfbundle; includeInIndex = 0; path = GroceriesStoreSwiftUIUITests.xctest; sourceTree = BUILT_PRODUCTS_DIR; };
		8B0451A52B9745CB002F841E /* GroceriesStoreSwiftUIUITests.swift */ = {isa = PBXFileReference; lastKnownFileType = sourcecode.swift; path = GroceriesStoreSwiftUIUITests.swift; sourceTree = "<group>"; };
		8B0451A72B9745CB002F841E /* GroceriesStoreSwiftUIUITestsLaunchTests.swift */ = {isa = PBXFileReference; lastKnownFileType = sourcecode.swift; path = GroceriesStoreSwiftUIUITestsLaunchTests.swift; sourceTree = "<group>"; };
		8B0451B52B97476D002F841E /* Gilroy-Regular.ttf */ = {isa = PBXFileReference; lastKnownFileType = file; path = "Gilroy-Regular.ttf"; sourceTree = "<group>"; };
		8B0451B62B97476E002F841E /* Gilroy-Bold.ttf */ = {isa = PBXFileReference; lastKnownFileType = file; path = "Gilroy-Bold.ttf"; sourceTree = "<group>"; };
		8B0451B72B97476E002F841E /* Gilroy-Medium.ttf */ = {isa = PBXFileReference; lastKnownFileType = file; path = "Gilroy-Medium.ttf"; sourceTree = "<group>"; };
		8B0451B82B97476E002F841E /* Gilroy-SemiBold.ttf */ = {isa = PBXFileReference; lastKnownFileType = file; path = "Gilroy-SemiBold.ttf"; sourceTree = "<group>"; };
		8B0451BE2B974880002F841E /* Info.plist */ = {isa = PBXFileReference; lastKnownFileType = text.plist; path = Info.plist; sourceTree = "<group>"; };
		8B0451C42B9749A3002F841E /* WelcomeView.swift */ = {isa = PBXFileReference; lastKnownFileType = sourcecode.swift; path = WelcomeView.swift; sourceTree = "<group>"; };
		8B0451C62B974A03002F841E /* Launch Screen.storyboard */ = {isa = PBXFileReference; lastKnownFileType = file.storyboard; path = "Launch Screen.storyboard"; sourceTree = "<group>"; };
		8B0451C82B974E39002F841E /* UIExtension.swift */ = {isa = PBXFileReference; lastKnownFileType = sourcecode.swift; path = UIExtension.swift; sourceTree = "<group>"; };
		8B0451CA2B9761EE002F841E /* RoundButton.swift */ = {isa = PBXFileReference; lastKnownFileType = sourcecode.swift; path = RoundButton.swift; sourceTree = "<group>"; };
		8B0451CC2B976728002F841E /* SignInView.swift */ = {isa = PBXFileReference; lastKnownFileType = sourcecode.swift; path = SignInView.swift; sourceTree = "<group>"; };
		8B0451D12B9771E1002F841E /* CountryPickerUI.swift */ = {isa = PBXFileReference; lastKnownFileType = sourcecode.swift; path = CountryPickerUI.swift; sourceTree = "<group>"; };
		8B0451D32B978E91002F841E /* LoginView.swift */ = {isa = PBXFileReference; lastKnownFileType = sourcecode.swift; path = LoginView.swift; sourceTree = "<group>"; };
		8B0451D52B9795ED002F841E /* MainViewModel.swift */ = {isa = PBXFileReference; lastKnownFileType = sourcecode.swift; path = MainViewModel.swift; sourceTree = "<group>"; };
		8B0451D72B979826002F841E /* LineTextField.swift */ = {isa = PBXFileReference; lastKnownFileType = sourcecode.swift; path = LineTextField.swift; sourceTree = "<group>"; };
		8B0451D92B97FF19002F841E /* ServiceCall.swift */ = {isa = PBXFileReference; lastKnownFileType = sourcecode.swift; path = ServiceCall.swift; sourceTree = "<group>"; };
		8B0451DB2B981183002F841E /* Globs.swift */ = {isa = PBXFileReference; lastKnownFileType = sourcecode.swift; path = Globs.swift; sourceTree = "<group>"; };
		8B0451DE2B981758002F841E /* UIKitExtension.swift */ = {isa = PBXFileReference; lastKnownFileType = sourcecode.swift; path = UIKitExtension.swift; sourceTree = "<group>"; };
		8B0451E02B9B4511002F841E /* SignUpView.swift */ = {isa = PBXFileReference; lastKnownFileType = sourcecode.swift; path = SignUpView.swift; sourceTree = "<group>"; };
		8B1A49CB2D4E7B40002E50C0 /* FavoriteView.swift */ = {isa = PBXFileReference; lastKnownFileType = sourcecode.swift; path = FavoriteView.swift; sourceTree = "<group>"; };
		8B1A49CD2D4E7C8C002E50C0 /* FavoriteViewModel.swift */ = {isa = PBXFileReference; lastKnownFileType = sourcecode.swift; path = FavoriteViewModel.swift; sourceTree = "<group>"; };
		8B1A49E82D4E9C9C002E50C0 /* FavoriteRow.swift */ = {isa = PBXFileReference; lastKnownFileType = sourcecode.swift; path = FavoriteRow.swift; sourceTree = "<group>"; };
		8B1A49F62D4FD764002E50C0 /* ExploreViewModel.swift */ = {isa = PBXFileReference; lastKnownFileType = sourcecode.swift; path = ExploreViewModel.swift; sourceTree = "<group>"; };
		8B1A49FA2D4FDD62002E50C0 /* ExploreCategoryCell.swift */ = {isa = PBXFileReference; lastKnownFileType = sourcecode.swift; path = ExploreCategoryCell.swift; sourceTree = "<group>"; };
		8B5962EC2D6A20FE00D2859D /* AddDeliveryAddressView.swift */ = {isa = PBXFileReference; lastKnownFileType = sourcecode.swift; path = AddDeliveryAddressView.swift; sourceTree = "<group>"; };
		8B5962EE2D6A352F00D2859D /* PromoCodeViewModel.swift */ = {isa = PBXFileReference; lastKnownFileType = sourcecode.swift; path = PromoCodeViewModel.swift; sourceTree = "<group>"; };
		8B5962F22D6A380500D2859D /* PromoCodeView.swift */ = {isa = PBXFileReference; lastKnownFileType = sourcecode.swift; path = PromoCodeView.swift; sourceTree = "<group>"; };
		8B5962F42D6A3EB100D2859D /* PaymentViewModel.swift */ = {isa = PBXFileReference; lastKnownFileType = sourcecode.swift; path = PaymentViewModel.swift; sourceTree = "<group>"; };
		8B5962F82D6A431200D2859D /* PaymentMethodsView.swift */ = {isa = PBXFileReference; lastKnownFileType = sourcecode.swift; path = PaymentMethodsView.swift; sourceTree = "<group>"; };
		8B5962FA2D6A48AA00D2859D /* AddPaymentMethodView.swift */ = {isa = PBXFileReference; lastKnownFileType = sourcecode.swift; path = AddPaymentMethodView.swift; sourceTree = "<group>"; };
		8B7FA58E2D580C9A009A1BA5 /* CartViewModel.swift */ = {isa = PBXFileReference; lastKnownFileType = sourcecode.swift; path = CartViewModel.swift; sourceTree = "<group>"; };
		8B7FA5952D581F8C009A1BA5 /* MyCartView.swift */ = {isa = PBXFileReference; lastKnownFileType = sourcecode.swift; path = MyCartView.swift; sourceTree = "<group>"; };
		8B7FA5972D5820C7009A1BA5 /* CartItemRow.swift */ = {isa = PBXFileReference; lastKnownFileType = sourcecode.swift; path = CartItemRow.swift; sourceTree = "<group>"; };
		8BA0F64F2D4FE6110035065E /* ExploreItemViewModel.swift */ = {isa = PBXFileReference; lastKnownFileType = sourcecode.swift; path = ExploreItemViewModel.swift; sourceTree = "<group>"; };
		8BA0F6512D4FE7A90035065E /* ExploreItemsView.swift */ = {isa = PBXFileReference; lastKnownFileType = sourcecode.swift; path = ExploreItemsView.swift; sourceTree = "<group>"; };
		8BB5CFE92D7358B20047C2C7 /* CheckoutView.swift */ = {isa = PBXFileReference; lastKnownFileType = sourcecode.swift; path = CheckoutView.swift; sourceTree = "<group>"; };
		8BBBE39E2D610C3400F67DFC /* AccountView.swift */ = {isa = PBXFileReference; lastKnownFileType = sourcecode.swift; path = AccountView.swift; sourceTree = "<group>"; };
		8BBBE3A12D61136100F67DFC /* AccountRow.swift */ = {isa = PBXFileReference; lastKnownFileType = sourcecode.swift; path = AccountRow.swift; sourceTree = "<group>"; };
		8BBBE3A32D6115F400F67DFC /* DeliveryAddressView.swift */ = {isa = PBXFileReference; lastKnownFileType = sourcecode.swift; path = DeliveryAddressView.swift; sourceTree = "<group>"; };
		8BBBE3A52D611CA300F67DFC /* DeliveryAddressViewModel.swift */ = {isa = PBXFileReference; lastKnownFileType = sourcecode.swift; path = DeliveryAddressViewModel.swift; sourceTree = "<group>"; };
		8BD483AF2D471B9D0047D828 /* ProductDetailView.swift */ = {isa = PBXFileReference; lastKnownFileType = sourcecode.swift; path = ProductDetailView.swift; sourceTree = "<group>"; };
		8BD483B12D471C610047D828 /* ProductDetailViewModel.swift */ = {isa = PBXFileReference; lastKnownFileType = sourcecode.swift; path = ProductDetailViewModel.swift; sourceTree = "<group>"; };
/* End PBXFileReference section */

/* Begin PBXFileSystemSynchronizedRootGroup section */
		8B1A49E02D4E8642002E50C0 /* Model */ = {isa = PBXFileSystemSynchronizedRootGroup; explicitFileTypes = {}; explicitFolders = (); path = Model; sourceTree = "<group>"; };
/* End PBXFileSystemSynchronizedRootGroup section */

/* Begin PBXFrameworksBuildPhase section */
		8B0451842B9745C9002F841E /* Frameworks */ = {
			isa = PBXFrameworksBuildPhase;
			buildActionMask = 2147483647;
			files = (
				8BD483AE2D4686620047D828 /* SDWebImageSwiftUI in Frameworks */,
				8B1A49C92D4E7A13002E50C0 /* CountryPicker in Frameworks */,
			);
			runOnlyForDeploymentPostprocessing = 0;
		};
		8B0451942B9745CB002F841E /* Frameworks */ = {
			isa = PBXFrameworksBuildPhase;
			buildActionMask = 2147483647;
			files = (
			);
			runOnlyForDeploymentPostprocessing = 0;
		};
		8B04519E2B9745CB002F841E /* Frameworks */ = {
			isa = PBXFrameworksBuildPhase;
			buildActionMask = 2147483647;
			files = (
			);
			runOnlyForDeploymentPostprocessing = 0;
		};
/* End PBXFrameworksBuildPhase section */

/* Begin PBXGroup section */
		8B03757D2D4569C80010BBE0 /* MainTab */ = {
			isa = PBXGroup;
			children = (
				8B03757E2D4569EB0010BBE0 /* MainTabView.swift */,
			);
			path = MainTab;
			sourceTree = "<group>";
		};
		8B0375872D4574B00010BBE0 /* Home */ = {
			isa = PBXGroup;
			children = (
				8B0375882D4574C00010BBE0 /* HomeView.swift */,
				8BD483AF2D471B9D0047D828 /* ProductDetailView.swift */,
			);
			path = Home;
			sourceTree = "<group>";
		};
		8B03758A2D45750D0010BBE0 /* Explore */ = {
			isa = PBXGroup;
			children = (
				8B03758B2D4575290010BBE0 /* ExploreView.swift */,
				8BA0F6512D4FE7A90035065E /* ExploreItemsView.swift */,
			);
			path = Explore;
			sourceTree = "<group>";
		};
		8B04517E2B9745C9002F841E = {
			isa = PBXGroup;
			children = (
				8B0451892B9745C9002F841E /* GroceriesStoreSwiftUI */,
				8B04519A2B9745CB002F841E /* GroceriesStoreSwiftUITests */,
				8B0451A42B9745CB002F841E /* GroceriesStoreSwiftUIUITests */,
				8B0451882B9745C9002F841E /* Products */,
			);
			sourceTree = "<group>";
		};
		8B0451882B9745C9002F841E /* Products */ = {
			isa = PBXGroup;
			children = (
				8B0451872B9745C9002F841E /* GroceriesStoreSwiftUI.app */,
				8B0451972B9745CB002F841E /* GroceriesStoreSwiftUITests.xctest */,
				8B0451A12B9745CB002F841E /* GroceriesStoreSwiftUIUITests.xctest */,
			);
			name = Products;
			sourceTree = "<group>";
		};
		8B0451892B9745C9002F841E /* GroceriesStoreSwiftUI */ = {
			isa = PBXGroup;
			children = (
				8B0451DD2B9816C2002F841E /* Common */,
				8B0451C22B974959002F841E /* UICommon */,
				8B1A49E02D4E8642002E50C0 /* Model */,
				8B0451C02B974923002F841E /* ViewModel */,
				8B0451BF2B974901002F841E /* View */,
				8B0451BE2B974880002F841E /* Info.plist */,
				8B0451B42B974724002F841E /* Font */,
				8B04518A2B9745C9002F841E /* GroceriesStoreSwiftUIApp.swift */,
				8B04518E2B9745CA002F841E /* Assets.xcassets */,
				8B0451902B9745CA002F841E /* Preview Content */,
				8B0451C62B974A03002F841E /* Launch Screen.storyboard */,
			);
			path = GroceriesStoreSwiftUI;
			sourceTree = "<group>";
		};
		8B0451902B9745CA002F841E /* Preview Content */ = {
			isa = PBXGroup;
			children = (
				8B0451912B9745CA002F841E /* Preview Assets.xcassets */,
			);
			path = "Preview Content";
			sourceTree = "<group>";
		};
		8B04519A2B9745CB002F841E /* GroceriesStoreSwiftUITests */ = {
			isa = PBXGroup;
			children = (
				8B04519B2B9745CB002F841E /* GroceriesStoreSwiftUITests.swift */,
			);
			path = GroceriesStoreSwiftUITests;
			sourceTree = "<group>";
		};
		8B0451A42B9745CB002F841E /* GroceriesStoreSwiftUIUITests */ = {
			isa = PBXGroup;
			children = (
				8B0451A52B9745CB002F841E /* GroceriesStoreSwiftUIUITests.swift */,
				8B0451A72B9745CB002F841E /* GroceriesStoreSwiftUIUITestsLaunchTests.swift */,
			);
			path = GroceriesStoreSwiftUIUITests;
			sourceTree = "<group>";
		};
		8B0451B42B974724002F841E /* Font */ = {
			isa = PBXGroup;
			children = (
				8B0451B62B97476E002F841E /* Gilroy-Bold.ttf */,
				8B0451B72B97476E002F841E /* Gilroy-Medium.ttf */,
				8B0451B52B97476D002F841E /* Gilroy-Regular.ttf */,
				8B0451B82B97476E002F841E /* Gilroy-SemiBold.ttf */,
			);
			path = Font;
			sourceTree = "<group>";
		};
		8B0451BF2B974901002F841E /* View */ = {
			isa = PBXGroup;
			children = (
				8BBBE39D2D610C1600F67DFC /* Account */,
				8B7FA5942D581F76009A1BA5 /* Cart */,
				8B1A49CA2D4E7B30002E50C0 /* Favorite */,
				8B03758A2D45750D0010BBE0 /* Explore */,
				8B0375872D4574B00010BBE0 /* Home */,
				8B03757D2D4569C80010BBE0 /* MainTab */,
				8B0451C32B974987002F841E /* Login */,
			);
			path = View;
			sourceTree = "<group>";
		};
		8B0451C02B974923002F841E /* ViewModel */ = {
			isa = PBXGroup;
			children = (
				8B0451D52B9795ED002F841E /* MainViewModel.swift */,
				8B0375802D4573D20010BBE0 /* HomeViewModel.swift */,
				8BD483B12D471C610047D828 /* ProductDetailViewModel.swift */,
				8B1A49CD2D4E7C8C002E50C0 /* FavoriteViewModel.swift */,
				8B1A49F62D4FD764002E50C0 /* ExploreViewModel.swift */,
				8BA0F64F2D4FE6110035065E /* ExploreItemViewModel.swift */,
				8B7FA58E2D580C9A009A1BA5 /* CartViewModel.swift */,
				8BBBE3A52D611CA300F67DFC /* DeliveryAddressViewModel.swift */,
				8B5962EE2D6A352F00D2859D /* PromoCodeViewModel.swift */,
				8B5962F42D6A3EB100D2859D /* PaymentViewModel.swift */,
			);
			path = ViewModel;
			sourceTree = "<group>";
		};
		8B0451C22B974959002F841E /* UICommon */ = {
			isa = PBXGroup;
			children = (
				8B0451C82B974E39002F841E /* UIExtension.swift */,
				8B0451CA2B9761EE002F841E /* RoundButton.swift */,
				8B0451D12B9771E1002F841E /* CountryPickerUI.swift */,
				8B0451D72B979826002F841E /* LineTextField.swift */,
				8B0451D92B97FF19002F841E /* ServiceCall.swift */,
				8B0451DB2B981183002F841E /* Globs.swift */,
				8B03758D2D457B540010BBE0 /* TabButton.swift */,
				8B03758F2D4580990010BBE0 /* SearchTextField.swift */,
				8B0375912D4584C80010BBE0 /* SectionTitleAll.swift */,
				8B0375932D4587170010BBE0 /* ProductCell.swift */,
				8B0375952D458C200010BBE0 /* CategoryCell.swift */,
				8B1A49E82D4E9C9C002E50C0 /* FavoriteRow.swift */,
				8B1A49FA2D4FDD62002E50C0 /* ExploreCategoryCell.swift */,
				8B7FA5972D5820C7009A1BA5 /* CartItemRow.swift */,
				8BBBE3A12D61136100F67DFC /* AccountRow.swift */,
			);
			path = UICommon;
			sourceTree = "<group>";
		};
		8B0451C32B974987002F841E /* Login */ = {
			isa = PBXGroup;
			children = (
				8B0451C42B9749A3002F841E /* WelcomeView.swift */,
				8B0451CC2B976728002F841E /* SignInView.swift */,
				8B0451D32B978E91002F841E /* LoginView.swift */,
				8B0451E02B9B4511002F841E /* SignUpView.swift */,
			);
			path = Login;
			sourceTree = "<group>";
		};
		8B0451DD2B9816C2002F841E /* Common */ = {
			isa = PBXGroup;
			children = (
				8B0451DE2B981758002F841E /* UIKitExtension.swift */,
			);
			path = Common;
			sourceTree = "<group>";
		};
		8B1A49CA2D4E7B30002E50C0 /* Favorite */ = {
			isa = PBXGroup;
			children = (
				8B1A49CB2D4E7B40002E50C0 /* FavoriteView.swift */,
			);
			path = Favorite;
			sourceTree = "<group>";
		};
		8B7FA5942D581F76009A1BA5 /* Cart */ = {
			isa = PBXGroup;
			children = (
				8B7FA5952D581F8C009A1BA5 /* MyCartView.swift */,
				8BB5CFE92D7358B20047C2C7 /* CheckoutView.swift */,
			);
			path = Cart;
			sourceTree = "<group>";
		};
		8BBBE39D2D610C1600F67DFC /* Account */ = {
			isa = PBXGroup;
			children = (
				8BBBE39E2D610C3400F67DFC /* AccountView.swift */,
				8BBBE3A32D6115F400F67DFC /* DeliveryAddressView.swift */,
				8B5962EC2D6A20FE00D2859D /* AddDeliveryAddressView.swift */,
				8B5962F22D6A380500D2859D /* PromoCodeView.swift */,
				8B5962F82D6A431200D2859D /* PaymentMethodsView.swift */,
				8B5962FA2D6A48AA00D2859D /* AddPaymentMethodView.swift */,
			);
			path = Account;
			sourceTree = "<group>";
		};
/* End PBXGroup section */

/* Begin PBXNativeTarget section */
		8B0451862B9745C9002F841E /* GroceriesStoreSwiftUI */ = {
			isa = PBXNativeTarget;
			buildConfigurationList = 8B0451AB2B9745CB002F841E /* Build configuration list for PBXNativeTarget "GroceriesStoreSwiftUI" */;
			buildPhases = (
				8B0451832B9745C9002F841E /* Sources */,
				8B0451842B9745C9002F841E /* Frameworks */,
				8B0451852B9745C9002F841E /* Resources */,
			);
			buildRules = (
			);
			dependencies = (
			);
			fileSystemSynchronizedGroups = (
				8B1A49E02D4E8642002E50C0 /* Model */,
			);
			name = GroceriesStoreSwiftUI;
			packageProductDependencies = (
				8BD483AD2D4686620047D828 /* SDWebImageSwiftUI */,
				8B1A49C82D4E7A13002E50C0 /* CountryPicker */,
			);
			productName = GroceriesStoreSwiftUI;
			productReference = 8B0451872B9745C9002F841E /* GroceriesStoreSwiftUI.app */;
			productType = "com.apple.product-type.application";
		};
		8B0451962B9745CB002F841E /* GroceriesStoreSwiftUITests */ = {
			isa = PBXNativeTarget;
			buildConfigurationList = 8B0451AE2B9745CB002F841E /* Build configuration list for PBXNativeTarget "GroceriesStoreSwiftUITests" */;
			buildPhases = (
				8B0451932B9745CB002F841E /* Sources */,
				8B0451942B9745CB002F841E /* Frameworks */,
				8B0451952B9745CB002F841E /* Resources */,
			);
			buildRules = (
			);
			dependencies = (
				8B0451992B9745CB002F841E /* PBXTargetDependency */,
			);
			name = GroceriesStoreSwiftUITests;
			productName = GroceriesStoreSwiftUITests;
			productReference = 8B0451972B9745CB002F841E /* GroceriesStoreSwiftUITests.xctest */;
			productType = "com.apple.product-type.bundle.unit-test";
		};
		8B0451A02B9745CB002F841E /* GroceriesStoreSwiftUIUITests */ = {
			isa = PBXNativeTarget;
			buildConfigurationList = 8B0451B12B9745CB002F841E /* Build configuration list for PBXNativeTarget "GroceriesStoreSwiftUIUITests" */;
			buildPhases = (
				8B04519D2B9745CB002F841E /* Sources */,
				8B04519E2B9745CB002F841E /* Frameworks */,
				8B04519F2B9745CB002F841E /* Resources */,
			);
			buildRules = (
			);
			dependencies = (
				8B0451A32B9745CB002F841E /* PBXTargetDependency */,
			);
			name = GroceriesStoreSwiftUIUITests;
			productName = GroceriesStoreSwiftUIUITests;
			productReference = 8B0451A12B9745CB002F841E /* GroceriesStoreSwiftUIUITests.xctest */;
			productType = "com.apple.product-type.bundle.ui-testing";
		};
/* End PBXNativeTarget section */

/* Begin PBXProject section */
		8B04517F2B9745C9002F841E /* Project object */ = {
			isa = PBXProject;
			attributes = {
				BuildIndependentTargetsInParallel = 1;
				LastSwiftUpdateCheck = 1520;
				LastUpgradeCheck = 1520;
				TargetAttributes = {
					8B0451862B9745C9002F841E = {
						CreatedOnToolsVersion = 15.2;
					};
					8B0451962B9745CB002F841E = {
						CreatedOnToolsVersion = 15.2;
						TestTargetID = 8B0451862B9745C9002F841E;
					};
					8B0451A02B9745CB002F841E = {
						CreatedOnToolsVersion = 15.2;
						TestTargetID = 8B0451862B9745C9002F841E;
					};
				};
			};
			buildConfigurationList = 8B0451822B9745C9002F841E /* Build configuration list for PBXProject "GroceriesStoreSwiftUI" */;
			compatibilityVersion = "Xcode 14.0";
			developmentRegion = en;
			hasScannedForEncodings = 0;
			knownRegions = (
				en,
				Base,
			);
			mainGroup = 8B04517E2B9745C9002F841E;
			packageReferences = (
				8BD483AC2D4686620047D828 /* XCRemoteSwiftPackageReference "SDWebImageSwiftUI" */,
				8B1A49C72D4E7A13002E50C0 /* XCRemoteSwiftPackageReference "CountryPicker" */,
			);
			productRefGroup = 8B0451882B9745C9002F841E /* Products */;
			projectDirPath = "";
			projectRoot = "";
			targets = (
				8B0451862B9745C9002F841E /* GroceriesStoreSwiftUI */,
				8B0451962B9745CB002F841E /* GroceriesStoreSwiftUITests */,
				8B0451A02B9745CB002F841E /* GroceriesStoreSwiftUIUITests */,
			);
		};
/* End PBXProject section */

/* Begin PBXResourcesBuildPhase section */
		8B0451852B9745C9002F841E /* Resources */ = {
			isa = PBXResourcesBuildPhase;
			buildActionMask = 2147483647;
			files = (
				8B0451922B9745CA002F841E /* Preview Assets.xcassets in Resources */,
				8B0451BC2B97476E002F841E /* Gilroy-SemiBold.ttf in Resources */,
				8B0451B92B97476E002F841E /* Gilroy-Regular.ttf in Resources */,
				8B0451BB2B97476E002F841E /* Gilroy-Medium.ttf in Resources */,
				8B04518F2B9745CA002F841E /* Assets.xcassets in Resources */,
				8B0451BA2B97476E002F841E /* Gilroy-Bold.ttf in Resources */,
				8B0451C72B974A03002F841E /* Launch Screen.storyboard in Resources */,
			);
			runOnlyForDeploymentPostprocessing = 0;
		};
		8B0451952B9745CB002F841E /* Resources */ = {
			isa = PBXResourcesBuildPhase;
			buildActionMask = 2147483647;
			files = (
			);
			runOnlyForDeploymentPostprocessing = 0;
		};
		8B04519F2B9745CB002F841E /* Resources */ = {
			isa = PBXResourcesBuildPhase;
			buildActionMask = 2147483647;
			files = (
			);
			runOnlyForDeploymentPostprocessing = 0;
		};
/* End PBXResourcesBuildPhase section */

/* Begin PBXSourcesBuildPhase section */
		8B0451832B9745C9002F841E /* Sources */ = {
			isa = PBXSourcesBuildPhase;
			buildActionMask = 2147483647;
			files = (
				8B0375962D458C200010BBE0 /* CategoryCell.swift in Sources */,
				8B0451D22B9771E1002F841E /* CountryPickerUI.swift in Sources */,
				8B0451D82B979826002F841E /* LineTextField.swift in Sources */,
				8B7FA58F2D580C9A009A1BA5 /* CartViewModel.swift in Sources */,
				8B5962F92D6A431200D2859D /* PaymentMethodsView.swift in Sources */,
				8B5962ED2D6A20FE00D2859D /* AddDeliveryAddressView.swift in Sources */,
				8B5962EF2D6A352F00D2859D /* PromoCodeViewModel.swift in Sources */,
				8B0451D42B978E91002F841E /* LoginView.swift in Sources */,
				8B0375812D4573D20010BBE0 /* HomeViewModel.swift in Sources */,
				8B5962FB2D6A48AA00D2859D /* AddPaymentMethodView.swift in Sources */,
				8B0451DC2B981183002F841E /* Globs.swift in Sources */,
				8B1A49CE2D4E7C8C002E50C0 /* FavoriteViewModel.swift in Sources */,
				8B0375892D4574C00010BBE0 /* HomeView.swift in Sources */,
				8BBBE39F2D610C3400F67DFC /* AccountView.swift in Sources */,
				8B1A49E92D4E9C9C002E50C0 /* FavoriteRow.swift in Sources */,
				8B7FA5962D581F8C009A1BA5 /* MyCartView.swift in Sources */,
				8B0451CB2B9761EE002F841E /* RoundButton.swift in Sources */,
				8B0451C52B9749A3002F841E /* WelcomeView.swift in Sources */,
				8B0451DF2B981758002F841E /* UIKitExtension.swift in Sources */,
				8B0451C92B974E39002F841E /* UIExtension.swift in Sources */,
				8BBBE3A42D6115F400F67DFC /* DeliveryAddressView.swift in Sources */,
				8B0375942D4587170010BBE0 /* ProductCell.swift in Sources */,
				8B5962F32D6A380500D2859D /* PromoCodeView.swift in Sources */,
				8B03758C2D4575290010BBE0 /* ExploreView.swift in Sources */,
				8B5962F52D6A3EB100D2859D /* PaymentViewModel.swift in Sources */,
				8B03758E2D457B540010BBE0 /* TabButton.swift in Sources */,
				8BA0F6522D4FE7A90035065E /* ExploreItemsView.swift in Sources */,
				8BA0F6502D4FE6110035065E /* ExploreItemViewModel.swift in Sources */,
				8B0451E12B9B4511002F841E /* SignUpView.swift in Sources */,
				8B04518B2B9745C9002F841E /* GroceriesStoreSwiftUIApp.swift in Sources */,
				8B0375922D4584C80010BBE0 /* SectionTitleAll.swift in Sources */,
				8BBBE3A62D611CA300F67DFC /* DeliveryAddressViewModel.swift in Sources */,
				8B0375902D4580990010BBE0 /* SearchTextField.swift in Sources */,
				8B1A49F72D4FD764002E50C0 /* ExploreViewModel.swift in Sources */,
				8B0451DA2B97FF19002F841E /* ServiceCall.swift in Sources */,
				8B1A49FB2D4FDD62002E50C0 /* ExploreCategoryCell.swift in Sources */,
				8B7FA5982D5820C7009A1BA5 /* CartItemRow.swift in Sources */,
				8B0451CD2B976728002F841E /* SignInView.swift in Sources */,
				8BB5CFEA2D7358B20047C2C7 /* CheckoutView.swift in Sources */,
				8BD483B02D471B9D0047D828 /* ProductDetailView.swift in Sources */,
				8B0451D62B9795ED002F841E /* MainViewModel.swift in Sources */,
				8BBBE3A22D61136100F67DFC /* AccountRow.swift in Sources */,
				8B03757F2D4569EB0010BBE0 /* MainTabView.swift in Sources */,
				8B1A49CC2D4E7B40002E50C0 /* FavoriteView.swift in Sources */,
				8BD483B22D471C610047D828 /* ProductDetailViewModel.swift in Sources */,
			);
			runOnlyForDeploymentPostprocessing = 0;
		};
		8B0451932B9745CB002F841E /* Sources */ = {
			isa = PBXSourcesBuildPhase;
			buildActionMask = 2147483647;
			files = (
				8B04519C2B9745CB002F841E /* GroceriesStoreSwiftUITests.swift in Sources */,
			);
			runOnlyForDeploymentPostprocessing = 0;
		};
		8B04519D2B9745CB002F841E /* Sources */ = {
			isa = PBXSourcesBuildPhase;
			buildActionMask = 2147483647;
			files = (
				8B0451A82B9745CB002F841E /* GroceriesStoreSwiftUIUITestsLaunchTests.swift in Sources */,
				8B0451A62B9745CB002F841E /* GroceriesStoreSwiftUIUITests.swift in Sources */,
			);
			runOnlyForDeploymentPostprocessing = 0;
		};
/* End PBXSourcesBuildPhase section */

/* Begin PBXTargetDependency section */
		8B0451992B9745CB002F841E /* PBXTargetDependency */ = {
			isa = PBXTargetDependency;
			target = 8B0451862B9745C9002F841E /* GroceriesStoreSwiftUI */;
			targetProxy = 8B0451982B9745CB002F841E /* PBXContainerItemProxy */;
		};
		8B0451A32B9745CB002F841E /* PBXTargetDependency */ = {
			isa = PBXTargetDependency;
			target = 8B0451862B9745C9002F841E /* GroceriesStoreSwiftUI */;
			targetProxy = 8B0451A22B9745CB002F841E /* PBXContainerItemProxy */;
		};
/* End PBXTargetDependency section */

/* Begin XCBuildConfiguration section */
		8B0451A92B9745CB002F841E /* Debug */ = {
			isa = XCBuildConfiguration;
			buildSettings = {
				ALWAYS_SEARCH_USER_PATHS = NO;
				ASSETCATALOG_COMPILER_GENERATE_SWIFT_ASSET_SYMBOL_EXTENSIONS = YES;
				CLANG_ANALYZER_NONNULL = YES;
				CLANG_ANALYZER_NUMBER_OBJECT_CONVERSION = YES_AGGRESSIVE;
				CLANG_CXX_LANGUAGE_STANDARD = "gnu++20";
				CLANG_ENABLE_MODULES = YES;
				CLANG_ENABLE_OBJC_ARC = YES;
				CLANG_ENABLE_OBJC_WEAK = YES;
				CLANG_WARN_BLOCK_CAPTURE_AUTORELEASING = YES;
				CLANG_WARN_BOOL_CONVERSION = YES;
				CLANG_WARN_COMMA = YES;
				CLANG_WARN_CONSTANT_CONVERSION = YES;
				CLANG_WARN_DEPRECATED_OBJC_IMPLEMENTATIONS = YES;
				CLANG_WARN_DIRECT_OBJC_ISA_USAGE = YES_ERROR;
				CLANG_WARN_DOCUMENTATION_COMMENTS = YES;
				CLANG_WARN_EMPTY_BODY = YES;
				CLANG_WARN_ENUM_CONVERSION = YES;
				CLANG_WARN_INFINITE_RECURSION = YES;
				CLANG_WARN_INT_CONVERSION = YES;
				CLANG_WARN_NON_LITERAL_NULL_CONVERSION = YES;
				CLANG_WARN_OBJC_IMPLICIT_RETAIN_SELF = YES;
				CLANG_WARN_OBJC_LITERAL_CONVERSION = YES;
				CLANG_WARN_OBJC_ROOT_CLASS = YES_ERROR;
				CLANG_WARN_QUOTED_INCLUDE_IN_FRAMEWORK_HEADER = YES;
				CLANG_WARN_RANGE_LOOP_ANALYSIS = YES;
				CLANG_WARN_STRICT_PROTOTYPES = YES;
				CLANG_WARN_SUSPICIOUS_MOVE = YES;
				CLANG_WARN_UNGUARDED_AVAILABILITY = YES_AGGRESSIVE;
				CLANG_WARN_UNREACHABLE_CODE = YES;
				CLANG_WARN__DUPLICATE_METHOD_MATCH = YES;
				COPY_PHASE_STRIP = NO;
				DEBUG_INFORMATION_FORMAT = dwarf;
				ENABLE_STRICT_OBJC_MSGSEND = YES;
				ENABLE_TESTABILITY = YES;
				ENABLE_USER_SCRIPT_SANDBOXING = YES;
				FRAMEWORK_SEARCH_PATHS = "";
				GCC_C_LANGUAGE_STANDARD = gnu17;
				GCC_DYNAMIC_NO_PIC = NO;
				GCC_NO_COMMON_BLOCKS = YES;
				GCC_OPTIMIZATION_LEVEL = 0;
				GCC_PREPROCESSOR_DEFINITIONS = (
					"DEBUG=1",
					"$(inherited)",
				);
				GCC_WARN_64_TO_32_BIT_CONVERSION = YES;
				GCC_WARN_ABOUT_RETURN_TYPE = YES_ERROR;
				GCC_WARN_UNDECLARED_SELECTOR = YES;
				GCC_WARN_UNINITIALIZED_AUTOS = YES_AGGRESSIVE;
				GCC_WARN_UNUSED_FUNCTION = YES;
				GCC_WARN_UNUSED_VARIABLE = YES;
				IPHONEOS_DEPLOYMENT_TARGET = 17.2;
				LOCALIZATION_PREFERS_STRING_CATALOGS = YES;
				MTL_ENABLE_DEBUG_INFO = INCLUDE_SOURCE;
				MTL_FAST_MATH = YES;
				ONLY_ACTIVE_ARCH = YES;
				SDKROOT = iphoneos;
				SWIFT_ACTIVE_COMPILATION_CONDITIONS = "DEBUG $(inherited)";
				SWIFT_OPTIMIZATION_LEVEL = "-Onone";
			};
			name = Debug;
		};
		8B0451AA2B9745CB002F841E /* Release */ = {
			isa = XCBuildConfiguration;
			buildSettings = {
				ALWAYS_SEARCH_USER_PATHS = NO;
				ASSETCATALOG_COMPILER_GENERATE_SWIFT_ASSET_SYMBOL_EXTENSIONS = YES;
				CLANG_ANALYZER_NONNULL = YES;
				CLANG_ANALYZER_NUMBER_OBJECT_CONVERSION = YES_AGGRESSIVE;
				CLANG_CXX_LANGUAGE_STANDARD = "gnu++20";
				CLANG_ENABLE_MODULES = YES;
				CLANG_ENABLE_OBJC_ARC = YES;
				CLANG_ENABLE_OBJC_WEAK = YES;
				CLANG_WARN_BLOCK_CAPTURE_AUTORELEASING = YES;
				CLANG_WARN_BOOL_CONVERSION = YES;
				CLANG_WARN_COMMA = YES;
				CLANG_WARN_CONSTANT_CONVERSION = YES;
				CLANG_WARN_DEPRECATED_OBJC_IMPLEMENTATIONS = YES;
				CLANG_WARN_DIRECT_OBJC_ISA_USAGE = YES_ERROR;
				CLANG_WARN_DOCUMENTATION_COMMENTS = YES;
				CLANG_WARN_EMPTY_BODY = YES;
				CLANG_WARN_ENUM_CONVERSION = YES;
				CLANG_WARN_INFINITE_RECURSION = YES;
				CLANG_WARN_INT_CONVERSION = YES;
				CLANG_WARN_NON_LITERAL_NULL_CONVERSION = YES;
				CLANG_WARN_OBJC_IMPLICIT_RETAIN_SELF = YES;
				CLANG_WARN_OBJC_LITERAL_CONVERSION = YES;
				CLANG_WARN_OBJC_ROOT_CLASS = YES_ERROR;
				CLANG_WARN_QUOTED_INCLUDE_IN_FRAMEWORK_HEADER = YES;
				CLANG_WARN_RANGE_LOOP_ANALYSIS = YES;
				CLANG_WARN_STRICT_PROTOTYPES = YES;
				CLANG_WARN_SUSPICIOUS_MOVE = YES;
				CLANG_WARN_UNGUARDED_AVAILABILITY = YES_AGGRESSIVE;
				CLANG_WARN_UNREACHABLE_CODE = YES;
				CLANG_WARN__DUPLICATE_METHOD_MATCH = YES;
				COPY_PHASE_STRIP = NO;
				DEBUG_INFORMATION_FORMAT = "dwarf-with-dsym";
				ENABLE_NS_ASSERTIONS = NO;
				ENABLE_STRICT_OBJC_MSGSEND = YES;
				ENABLE_USER_SCRIPT_SANDBOXING = YES;
				FRAMEWORK_SEARCH_PATHS = "";
				GCC_C_LANGUAGE_STANDARD = gnu17;
				GCC_NO_COMMON_BLOCKS = YES;
				GCC_WARN_64_TO_32_BIT_CONVERSION = YES;
				GCC_WARN_ABOUT_RETURN_TYPE = YES_ERROR;
				GCC_WARN_UNDECLARED_SELECTOR = YES;
				GCC_WARN_UNINITIALIZED_AUTOS = YES_AGGRESSIVE;
				GCC_WARN_UNUSED_FUNCTION = YES;
				GCC_WARN_UNUSED_VARIABLE = YES;
				IPHONEOS_DEPLOYMENT_TARGET = 17.2;
				LOCALIZATION_PREFERS_STRING_CATALOGS = YES;
				MTL_ENABLE_DEBUG_INFO = NO;
				MTL_FAST_MATH = YES;
				SDKROOT = iphoneos;
				SWIFT_COMPILATION_MODE = wholemodule;
				VALIDATE_PRODUCT = YES;
			};
			name = Release;
		};
		8B0451AC2B9745CB002F841E /* Debug */ = {
			isa = XCBuildConfiguration;
			buildSettings = {
				ASSETCATALOG_COMPILER_APPICON_NAME = AppIcon;
				ASSETCATALOG_COMPILER_GLOBAL_ACCENT_COLOR_NAME = AccentColor;
				CODE_SIGN_STYLE = Automatic;
				CURRENT_PROJECT_VERSION = 1;
				DEVELOPMENT_ASSET_PATHS = "\"GroceriesStoreSwiftUI/Preview Content\"";
				DEVELOPMENT_TEAM = XH6RTA62K4;
				ENABLE_PREVIEWS = YES;
				GENERATE_INFOPLIST_FILE = YES;
				INFOPLIST_FILE = GroceriesStoreSwiftUI/Info.plist;
				INFOPLIST_KEY_UIApplicationSceneManifest_Generation = YES;
				INFOPLIST_KEY_UIApplicationSupportsIndirectInputEvents = YES;
				INFOPLIST_KEY_UILaunchScreen_Generation = YES;
				INFOPLIST_KEY_UILaunchStoryboardName = "Launch Screen.storyboard";
				INFOPLIST_KEY_UISupportedInterfaceOrientations = UIInterfaceOrientationPortrait;
				INFOPLIST_KEY_UISupportedInterfaceOrientations_iPad = "UIInterfaceOrientationLandscapeLeft UIInterfaceOrientationLandscapeRight UIInterfaceOrientationPortrait UIInterfaceOrientationPortraitUpsideDown";
				IPHONEOS_DEPLOYMENT_TARGET = 14.0;
				LD_RUNPATH_SEARCH_PATHS = (
					"$(inherited)",
					"@executable_path/Frameworks",
				);
				MARKETING_VERSION = 1.0;
				PRODUCT_BUNDLE_IDENTIFIER = com.lavozdelgeek.GroceriesStoreSwiftUI;
				PRODUCT_NAME = "$(TARGET_NAME)";
				SUPPORTED_PLATFORMS = "iphoneos iphonesimulator";
				SUPPORTS_MACCATALYST = NO;
				SUPPORTS_MAC_DESIGNED_FOR_IPHONE_IPAD = NO;
				SUPPORTS_XR_DESIGNED_FOR_IPHONE_IPAD = NO;
				SWIFT_EMIT_LOC_STRINGS = YES;
				SWIFT_VERSION = 5.0;
				TARGETED_DEVICE_FAMILY = 1;
			};
			name = Debug;
		};
		8B0451AD2B9745CB002F841E /* Release */ = {
			isa = XCBuildConfiguration;
			buildSettings = {
				ASSETCATALOG_COMPILER_APPICON_NAME = AppIcon;
				ASSETCATALOG_COMPILER_GLOBAL_ACCENT_COLOR_NAME = AccentColor;
				CODE_SIGN_STYLE = Automatic;
				CURRENT_PROJECT_VERSION = 1;
				DEVELOPMENT_ASSET_PATHS = "\"GroceriesStoreSwiftUI/Preview Content\"";
				DEVELOPMENT_TEAM = XH6RTA62K4;
				ENABLE_PREVIEWS = YES;
				GENERATE_INFOPLIST_FILE = YES;
				INFOPLIST_FILE = GroceriesStoreSwiftUI/Info.plist;
				INFOPLIST_KEY_UIApplicationSceneManifest_Generation = YES;
				INFOPLIST_KEY_UIApplicationSupportsIndirectInputEvents = YES;
				INFOPLIST_KEY_UILaunchScreen_Generation = YES;
				INFOPLIST_KEY_UILaunchStoryboardName = "Launch Screen.storyboard";
				INFOPLIST_KEY_UISupportedInterfaceOrientations = UIInterfaceOrientationPortrait;
				INFOPLIST_KEY_UISupportedInterfaceOrientations_iPad = "UIInterfaceOrientationLandscapeLeft UIInterfaceOrientationLandscapeRight UIInterfaceOrientationPortrait UIInterfaceOrientationPortraitUpsideDown";
				IPHONEOS_DEPLOYMENT_TARGET = 14.0;
				LD_RUNPATH_SEARCH_PATHS = (
					"$(inherited)",
					"@executable_path/Frameworks",
				);
				MARKETING_VERSION = 1.0;
				PRODUCT_BUNDLE_IDENTIFIER = com.lavozdelgeek.GroceriesStoreSwiftUI;
				PRODUCT_NAME = "$(TARGET_NAME)";
				SUPPORTED_PLATFORMS = "iphoneos iphonesimulator";
				SUPPORTS_MACCATALYST = NO;
				SUPPORTS_MAC_DESIGNED_FOR_IPHONE_IPAD = NO;
				SUPPORTS_XR_DESIGNED_FOR_IPHONE_IPAD = NO;
				SWIFT_EMIT_LOC_STRINGS = YES;
				SWIFT_VERSION = 5.0;
				TARGETED_DEVICE_FAMILY = 1;
			};
			name = Release;
		};
		8B0451AF2B9745CB002F841E /* Debug */ = {
			isa = XCBuildConfiguration;
			buildSettings = {
				ALWAYS_EMBED_SWIFT_STANDARD_LIBRARIES = YES;
				BUNDLE_LOADER = "$(TEST_HOST)";
				CODE_SIGN_STYLE = Automatic;
				CURRENT_PROJECT_VERSION = 1;
				DEVELOPMENT_TEAM = XH6RTA62K4;
				GENERATE_INFOPLIST_FILE = YES;
				IPHONEOS_DEPLOYMENT_TARGET = 17.2;
				MARKETING_VERSION = 1.0;
				PRODUCT_BUNDLE_IDENTIFIER = com.lavozdelgeek.GroceriesStoreSwiftUITests;
				PRODUCT_NAME = "$(TARGET_NAME)";
				SWIFT_EMIT_LOC_STRINGS = NO;
				SWIFT_VERSION = 5.0;
				TARGETED_DEVICE_FAMILY = "1,2";
				TEST_HOST = "$(BUILT_PRODUCTS_DIR)/GroceriesStoreSwiftUI.app/$(BUNDLE_EXECUTABLE_FOLDER_PATH)/GroceriesStoreSwiftUI";
			};
			name = Debug;
		};
		8B0451B02B9745CB002F841E /* Release */ = {
			isa = XCBuildConfiguration;
			buildSettings = {
				ALWAYS_EMBED_SWIFT_STANDARD_LIBRARIES = YES;
				BUNDLE_LOADER = "$(TEST_HOST)";
				CODE_SIGN_STYLE = Automatic;
				CURRENT_PROJECT_VERSION = 1;
				DEVELOPMENT_TEAM = XH6RTA62K4;
				GENERATE_INFOPLIST_FILE = YES;
				IPHONEOS_DEPLOYMENT_TARGET = 17.2;
				MARKETING_VERSION = 1.0;
				PRODUCT_BUNDLE_IDENTIFIER = com.lavozdelgeek.GroceriesStoreSwiftUITests;
				PRODUCT_NAME = "$(TARGET_NAME)";
				SWIFT_EMIT_LOC_STRINGS = NO;
				SWIFT_VERSION = 5.0;
				TARGETED_DEVICE_FAMILY = "1,2";
				TEST_HOST = "$(BUILT_PRODUCTS_DIR)/GroceriesStoreSwiftUI.app/$(BUNDLE_EXECUTABLE_FOLDER_PATH)/GroceriesStoreSwiftUI";
			};
			name = Release;
		};
		8B0451B22B9745CB002F841E /* Debug */ = {
			isa = XCBuildConfiguration;
			buildSettings = {
				ALWAYS_EMBED_SWIFT_STANDARD_LIBRARIES = YES;
				CODE_SIGN_STYLE = Automatic;
				CURRENT_PROJECT_VERSION = 1;
				DEVELOPMENT_TEAM = XH6RTA62K4;
				GENERATE_INFOPLIST_FILE = YES;
				MARKETING_VERSION = 1.0;
				PRODUCT_BUNDLE_IDENTIFIER = com.lavozdelgeek.GroceriesStoreSwiftUIUITests;
				PRODUCT_NAME = "$(TARGET_NAME)";
				SWIFT_EMIT_LOC_STRINGS = NO;
				SWIFT_VERSION = 5.0;
				TARGETED_DEVICE_FAMILY = "1,2";
				TEST_TARGET_NAME = GroceriesStoreSwiftUI;
			};
			name = Debug;
		};
		8B0451B32B9745CB002F841E /* Release */ = {
			isa = XCBuildConfiguration;
			buildSettings = {
				ALWAYS_EMBED_SWIFT_STANDARD_LIBRARIES = YES;
				CODE_SIGN_STYLE = Automatic;
				CURRENT_PROJECT_VERSION = 1;
				DEVELOPMENT_TEAM = XH6RTA62K4;
				GENERATE_INFOPLIST_FILE = YES;
				MARKETING_VERSION = 1.0;
				PRODUCT_BUNDLE_IDENTIFIER = com.lavozdelgeek.GroceriesStoreSwiftUIUITests;
				PRODUCT_NAME = "$(TARGET_NAME)";
				SWIFT_EMIT_LOC_STRINGS = NO;
				SWIFT_VERSION = 5.0;
				TARGETED_DEVICE_FAMILY = "1,2";
				TEST_TARGET_NAME = GroceriesStoreSwiftUI;
			};
			name = Release;
		};
/* End XCBuildConfiguration section */

/* Begin XCConfigurationList section */
		8B0451822B9745C9002F841E /* Build configuration list for PBXProject "GroceriesStoreSwiftUI" */ = {
			isa = XCConfigurationList;
			buildConfigurations = (
				8B0451A92B9745CB002F841E /* Debug */,
				8B0451AA2B9745CB002F841E /* Release */,
			);
			defaultConfigurationIsVisible = 0;
			defaultConfigurationName = Release;
		};
		8B0451AB2B9745CB002F841E /* Build configuration list for PBXNativeTarget "GroceriesStoreSwiftUI" */ = {
			isa = XCConfigurationList;
			buildConfigurations = (
				8B0451AC2B9745CB002F841E /* Debug */,
				8B0451AD2B9745CB002F841E /* Release */,
			);
			defaultConfigurationIsVisible = 0;
			defaultConfigurationName = Release;
		};
		8B0451AE2B9745CB002F841E /* Build configuration list for PBXNativeTarget "GroceriesStoreSwiftUITests" */ = {
			isa = XCConfigurationList;
			buildConfigurations = (
				8B0451AF2B9745CB002F841E /* Debug */,
				8B0451B02B9745CB002F841E /* Release */,
			);
			defaultConfigurationIsVisible = 0;
			defaultConfigurationName = Release;
		};
		8B0451B12B9745CB002F841E /* Build configuration list for PBXNativeTarget "GroceriesStoreSwiftUIUITests" */ = {
			isa = XCConfigurationList;
			buildConfigurations = (
				8B0451B22B9745CB002F841E /* Debug */,
				8B0451B32B9745CB002F841E /* Release */,
			);
			defaultConfigurationIsVisible = 0;
			defaultConfigurationName = Release;
		};
/* End XCConfigurationList section */

/* Begin XCRemoteSwiftPackageReference section */
		8B1A49C72D4E7A13002E50C0 /* XCRemoteSwiftPackageReference "CountryPicker" */ = {
			isa = XCRemoteSwiftPackageReference;
			repositoryURL = "https://github.com/mobven/CountryPicker";
			requirement = {
				kind = versionRange;
				maximumVersion = 1.0.8;
				minimumVersion = 1.0.0;
			};
		};
		8BD483AC2D4686620047D828 /* XCRemoteSwiftPackageReference "SDWebImageSwiftUI" */ = {
			isa = XCRemoteSwiftPackageReference;
			repositoryURL = "https://github.com/SDWebImage/SDWebImageSwiftUI.git";
			requirement = {
				kind = upToNextMajorVersion;
				minimumVersion = 3.1.3;
			};
		};
/* End XCRemoteSwiftPackageReference section */

/* Begin XCSwiftPackageProductDependency section */
		8B1A49C82D4E7A13002E50C0 /* CountryPicker */ = {
			isa = XCSwiftPackageProductDependency;
			package = 8B1A49C72D4E7A13002E50C0 /* XCRemoteSwiftPackageReference "CountryPicker" */;
			productName = CountryPicker;
		};
		8BD483AD2D4686620047D828 /* SDWebImageSwiftUI */ = {
			isa = XCSwiftPackageProductDependency;
			package = 8BD483AC2D4686620047D828 /* XCRemoteSwiftPackageReference "SDWebImageSwiftUI" */;
			productName = SDWebImageSwiftUI;
		};
/* End XCSwiftPackageProductDependency section */
	};
	rootObject = 8B04517F2B9745C9002F841E /* Project object */;
}
