// !$*UTF8*$!
{
	archiveVersion = 1;
	classes = {
	};
	objectVersion = 56;
	objects = {

/* Begin PBXBuildFile section */
		8B04518B2B9745C9002F841E /* GroceriesStoreSwiftUIApp.swift in Sources */ = {isa = PBXBuildFile; fileRef = 8B04518A2B9745C9002F841E /* GroceriesStoreSwiftUIApp.swift */; };
		8B04518D2B9745C9002F841E /* ContentView.swift in Sources */ = {isa = PBXBuildFile; fileRef = 8B04518C2B9745C9002F841E /* ContentView.swift */; };
		8B04518F2B9745CA002F841E /* Assets.xcassets in Resources */ = {isa = PBXBuildFile; fileRef = 8B04518E2B9745CA002F841E /* Assets.xcassets */; };
		8B0451922B9745CA002F841E /* Preview Assets.xcassets in Resources */ = {isa = PBXBuildFile; fileRef = 8B0451912B9745CA002F841E /* Preview Assets.xcassets */; };
		8B04519C2B9745CB002F841E /* GroceriesStoreSwiftUITests.swift in Sources */ = {isa = PBXBuildFile; fileRef = 8B04519B2B9745CB002F841E /* GroceriesStoreSwiftUITests.swift */; };
		8B0451A62B9745CB002F841E /* GroceriesStoreSwiftUIUITests.swift in Sources */ = {isa = PBXBuildFile; fileRef = 8B0451A52B9745CB002F841E /* GroceriesStoreSwiftUIUITests.swift */; };
		8B0451A82B9745CB002F841E /* GroceriesStoreSwiftUIUITestsLaunchTests.swift in Sources */ = {isa = PBXBuildFile; fileRef = 8B0451A72B9745CB002F841E /* GroceriesStoreSwiftUIUITestsLaunchTests.swift */; };
/* End PBXBuildFile section */

/* Begin PBXContainerItemProxy section */
		8B0451982B9745CB002F841E /* PBXContainerItemProxy */ = {
			isa = PBXContainerItemProxy;
			containerPortal = 8B04517F2B9745C9002F841E /* Project object */;
			proxyType = 1;
			remoteGlobalIDString = 8B0451862B9745C9002F841E;
			remoteInfo = GroceriesStoreSwiftUI;
		};
		8B0451A22B9745CB002F841E /* PBXContainerItemProxy */ = {
			isa = PBXContainerItemProxy;
			containerPortal = 8B04517F2B9745C9002F841E /* Project object */;
			proxyType = 1;
			remoteGlobalIDString = 8B0451862B9745C9002F841E;
			remoteInfo = GroceriesStoreSwiftUI;
		};
/* End PBXContainerItemProxy section */

/* Begin PBXFileReference section */
		8B0451872B9745C9002F841E /* GroceriesStoreSwiftUI.app */ = {isa = PBXFileReference; explicitFileType = wrapper.application; includeInIndex = 0; path = GroceriesStoreSwiftUI.app; sourceTree = BUILT_PRODUCTS_DIR; };
		8B04518A2B9745C9002F841E /* GroceriesStoreSwiftUIApp.swift */ = {isa = PBXFileReference; lastKnownFileType = sourcecode.swift; path = GroceriesStoreSwiftUIApp.swift; sourceTree = "<group>"; };
		8B04518C2B9745C9002F841E /* ContentView.swift */ = {isa = PBXFileReference; lastKnownFileType = sourcecode.swift; path = ContentView.swift; sourceTree = "<group>"; };
		8B04518E2B9745CA002F841E /* Assets.xcassets */ = {isa = PBXFileReference; lastKnownFileType = folder.assetcatalog; path = Assets.xcassets; sourceTree = "<group>"; };
		8B0451912B9745CA002F841E /* Preview Assets.xcassets */ = {isa = PBXFileReference; lastKnownFileType = folder.assetcatalog; path = "Preview Assets.xcassets"; sourceTree = "<group>"; };
		8B0451972B9745CB002F841E /* GroceriesStoreSwiftUITests.xctest */ = {isa = PBXFileReference; explicitFileType = wrapper.cfbundle; includeInIndex = 0; path = GroceriesStoreSwiftUITests.xctest; sourceTree = BUILT_PRODUCTS_DIR; };
		8B04519B2B9745CB002F841E /* GroceriesStoreSwiftUITests.swift */ = {isa = PBXFileReference; lastKnownFileType = sourcecode.swift; path = GroceriesStoreSwiftUITests.swift; sourceTree = "<group>"; };
		8B0451A12B9745CB002F841E /* GroceriesStoreSwiftUIUITests.xctest */ = {isa = PBXFileReference; explicitFileType = wrapper.cfbundle; includeInIndex = 0; path = GroceriesStoreSwiftUIUITests.xctest; sourceTree = BUILT_PRODUCTS_DIR; };
		8B0451A52B9745CB002F841E /* GroceriesStoreSwiftUIUITests.swift */ = {isa = PBXFileReference; lastKnownFileType = sourcecode.swift; path = GroceriesStoreSwiftUIUITests.swift; sourceTree = "<group>"; };
		8B0451A72B9745CB002F841E /* GroceriesStoreSwiftUIUITestsLaunchTests.swift */ = {isa = PBXFileReference; lastKnownFileType = sourcecode.swift; path = GroceriesStoreSwiftUIUITestsLaunchTests.swift; sourceTree = "<group>"; };
/* End PBXFileReference section */

/* Begin PBXFrameworksBuildPhase section */
		8B0451842B9745C9002F841E /* Frameworks */ = {
			isa = PBXFrameworksBuildPhase;
			buildActionMask = 2147483647;
			files = (
			);
			runOnlyForDeploymentPostprocessing = 0;
		};
		8B0451942B9745CB002F841E /* Frameworks */ = {
			isa = PBXFrameworksBuildPhase;
			buildActionMask = 2147483647;
			files = (
			);
			runOnlyForDeploymentPostprocessing = 0;
		};
		8B04519E2B9745CB002F841E /* Frameworks */ = {
			isa = PBXFrameworksBuildPhase;
			buildActionMask = 2147483647;
			files = (
			);
			runOnlyForDeploymentPostprocessing = 0;
		};
/* End PBXFrameworksBuildPhase section */

/* Begin PBXGroup section */
		8B04517E2B9745C9002F841E = {
			isa = PBXGroup;
			children = (
				8B0451892B9745C9002F841E /* GroceriesStoreSwiftUI */,
				8B04519A2B9745CB002F841E /* GroceriesStoreSwiftUITests */,
				8B0451A42B9745CB002F841E /* GroceriesStoreSwiftUIUITests */,
				8B0451882B9745C9002F841E /* Products */,
			);
			sourceTree = "<group>";
		};
		8B0451882B9745C9002F841E /* Products */ = {
			isa = PBXGroup;
			children = (
				8B0451872B9745C9002F841E /* GroceriesStoreSwiftUI.app */,
				8B0451972B9745CB002F841E /* GroceriesStoreSwiftUITests.xctest */,
				8B0451A12B9745CB002F841E /* GroceriesStoreSwiftUIUITests.xctest */,
			);
			name = Products;
			sourceTree = "<group>";
		};
		8B0451892B9745C9002F841E /* GroceriesStoreSwiftUI */ = {
			isa = PBXGroup;
			children = (
				8B04518A2B9745C9002F841E /* GroceriesStoreSwiftUIApp.swift */,
				8B04518C2B9745C9002F841E /* ContentView.swift */,
				8B04518E2B9745CA002F841E /* Assets.xcassets */,
				8B0451902B9745CA002F841E /* Preview Content */,
			);
			path = GroceriesStoreSwiftUI;
			sourceTree = "<group>";
		};
		8B0451902B9745CA002F841E /* Preview Content */ = {
			isa = PBXGroup;
			children = (
				8B0451912B9745CA002F841E /* Preview Assets.xcassets */,
			);
			path = "Preview Content";
			sourceTree = "<group>";
		};
		8B04519A2B9745CB002F841E /* GroceriesStoreSwiftUITests */ = {
			isa = PBXGroup;
			children = (
				8B04519B2B9745CB002F841E /* GroceriesStoreSwiftUITests.swift */,
			);
			path = GroceriesStoreSwiftUITests;
			sourceTree = "<group>";
		};
		8B0451A42B9745CB002F841E /* GroceriesStoreSwiftUIUITests */ = {
			isa = PBXGroup;
			children = (
				8B0451A52B9745CB002F841E /* GroceriesStoreSwiftUIUITests.swift */,
				8B0451A72B9745CB002F841E /* GroceriesStoreSwiftUIUITestsLaunchTests.swift */,
			);
			path = GroceriesStoreSwiftUIUITests;
			sourceTree = "<group>";
		};
/* End PBXGroup section */

/* Begin PBXNativeTarget section */
		8B0451862B9745C9002F841E /* GroceriesStoreSwiftUI */ = {
			isa = PBXNativeTarget;
			buildConfigurationList = 8B0451AB2B9745CB002F841E /* Build configuration list for PBXNativeTarget "GroceriesStoreSwiftUI" */;
			buildPhases = (
				8B0451832B9745C9002F841E /* Sources */,
				8B0451842B9745C9002F841E /* Frameworks */,
				8B0451852B9745C9002F841E /* Resources */,
			);
			buildRules = (
			);
			dependencies = (
			);
			name = GroceriesStoreSwiftUI;
			productName = GroceriesStoreSwiftUI;
			productReference = 8B0451872B9745C9002F841E /* GroceriesStoreSwiftUI.app */;
			productType = "com.apple.product-type.application";
		};
		8B0451962B9745CB002F841E /* GroceriesStoreSwiftUITests */ = {
			isa = PBXNativeTarget;
			buildConfigurationList = 8B0451AE2B9745CB002F841E /* Build configuration list for PBXNativeTarget "GroceriesStoreSwiftUITests" */;
			buildPhases = (
				8B0451932B9745CB002F841E /* Sources */,
				8B0451942B9745CB002F841E /* Frameworks */,
				8B0451952B9745CB002F841E /* Resources */,
			);
			buildRules = (
			);
			dependencies = (
				8B0451992B9745CB002F841E /* PBXTargetDependency */,
			);
			name = GroceriesStoreSwiftUITests;
			productName = GroceriesStoreSwiftUITests;
			productReference = 8B0451972B9745CB002F841E /* GroceriesStoreSwiftUITests.xctest */;
			productType = "com.apple.product-type.bundle.unit-test";
		};
		8B0451A02B9745CB002F841E /* GroceriesStoreSwiftUIUITests */ = {
			isa = PBXNativeTarget;
			buildConfigurationList = 8B0451B12B9745CB002F841E /* Build configuration list for PBXNativeTarget "GroceriesStoreSwiftUIUITests" */;
			buildPhases = (
				8B04519D2B9745CB002F841E /* Sources */,
				8B04519E2B9745CB002F841E /* Frameworks */,
				8B04519F2B9745CB002F841E /* Resources */,
			);
			buildRules = (
			);
			dependencies = (
				8B0451A32B9745CB002F841E /* PBXTargetDependency */,
			);
			name = GroceriesStoreSwiftUIUITests;
			productName = GroceriesStoreSwiftUIUITests;
			productReference = 8B0451A12B9745CB002F841E /* GroceriesStoreSwiftUIUITests.xctest */;
			productType = "com.apple.product-type.bundle.ui-testing";
		};
/* End PBXNativeTarget section */

/* Begin PBXProject section */
		8B04517F2B9745C9002F841E /* Project object */ = {
			isa = PBXProject;
			attributes = {
				BuildIndependentTargetsInParallel = 1;
				LastSwiftUpdateCheck = 1520;
				LastUpgradeCheck = 1520;
				TargetAttributes = {
					8B0451862B9745C9002F841E = {
						CreatedOnToolsVersion = 15.2;
					};
					8B0451962B9745CB002F841E = {
						CreatedOnToolsVersion = 15.2;
						TestTargetID = 8B0451862B9745C9002F841E;
					};
					8B0451A02B9745CB002F841E = {
						CreatedOnToolsVersion = 15.2;
						TestTargetID = 8B0451862B9745C9002F841E;
					};
				};
			};
			buildConfigurationList = 8B0451822B9745C9002F841E /* Build configuration list for PBXProject "GroceriesStoreSwiftUI" */;
			compatibilityVersion = "Xcode 14.0";
			developmentRegion = en;
			hasScannedForEncodings = 0;
			knownRegions = (
				en,
				Base,
			);
			mainGroup = 8B04517E2B9745C9002F841E;
			productRefGroup = 8B0451882B9745C9002F841E /* Products */;
			projectDirPath = "";
			projectRoot = "";
			targets = (
				8B0451862B9745C9002F841E /* GroceriesStoreSwiftUI */,
				8B0451962B9745CB002F841E /* GroceriesStoreSwiftUITests */,
				8B0451A02B9745CB002F841E /* GroceriesStoreSwiftUIUITests */,
			);
		};
/* End PBXProject section */

/* Begin PBXResourcesBuildPhase section */
		8B0451852B9745C9002F841E /* Resources */ = {
			isa = PBXResourcesBuildPhase;
			buildActionMask = 2147483647;
			files = (
				8B0451922B9745CA002F841E /* Preview Assets.xcassets in Resources */,
				8B04518F2B9745CA002F841E /* Assets.xcassets in Resources */,
			);
			runOnlyForDeploymentPostprocessing = 0;
		};
		8B0451952B9745CB002F841E /* Resources */ = {
			isa = PBXResourcesBuildPhase;
			buildActionMask = 2147483647;
			files = (
			);
			runOnlyForDeploymentPostprocessing = 0;
		};
		8B04519F2B9745CB002F841E /* Resources */ = {
			isa = PBXResourcesBuildPhase;
			buildActionMask = 2147483647;
			files = (
			);
			runOnlyForDeploymentPostprocessing = 0;
		};
/* End PBXResourcesBuildPhase section */

/* Begin PBXSourcesBuildPhase section */
		8B0451832B9745C9002F841E /* Sources */ = {
			isa = PBXSourcesBuildPhase;
			buildActionMask = 2147483647;
			files = (
				8B04518D2B9745C9002F841E /* ContentView.swift in Sources */,
				8B04518B2B9745C9002F841E /* GroceriesStoreSwiftUIApp.swift in Sources */,
			);
			runOnlyForDeploymentPostprocessing = 0;
		};
		8B0451932B9745CB002F841E /* Sources */ = {
			isa = PBXSourcesBuildPhase;
			buildActionMask = 2147483647;
			files = (
				8B04519C2B9745CB002F841E /* GroceriesStoreSwiftUITests.swift in Sources */,
			);
			runOnlyForDeploymentPostprocessing = 0;
		};
		8B04519D2B9745CB002F841E /* Sources */ = {
			isa = PBXSourcesBuildPhase;
			buildActionMask = 2147483647;
			files = (
				8B0451A82B9745CB002F841E /* GroceriesStoreSwiftUIUITestsLaunchTests.swift in Sources */,
				8B0451A62B9745CB002F841E /* GroceriesStoreSwiftUIUITests.swift in Sources */,
			);
			runOnlyForDeploymentPostprocessing = 0;
		};
/* End PBXSourcesBuildPhase section */

/* Begin PBXTargetDependency section */
		8B0451992B9745CB002F841E /* PBXTargetDependency */ = {
			isa = PBXTargetDependency;
			target = 8B0451862B9745C9002F841E /* GroceriesStoreSwiftUI */;
			targetProxy = 8B0451982B9745CB002F841E /* PBXContainerItemProxy */;
		};
		8B0451A32B9745CB002F841E /* PBXTargetDependency */ = {
			isa = PBXTargetDependency;
			target = 8B0451862B9745C9002F841E /* GroceriesStoreSwiftUI */;
			targetProxy = 8B0451A22B9745CB002F841E /* PBXContainerItemProxy */;
		};
/* End PBXTargetDependency section */

/* Begin XCBuildConfiguration section */
		8B0451A92B9745CB002F841E /* Debug */ = {
			isa = XCBuildConfiguration;
			buildSettings = {
				ALWAYS_SEARCH_USER_PATHS = NO;
				ASSETCATALOG_COMPILER_GENERATE_SWIFT_ASSET_SYMBOL_EXTENSIONS = YES;
				CLANG_ANALYZER_NONNULL = YES;
				CLANG_ANALYZER_NUMBER_OBJECT_CONVERSION = YES_AGGRESSIVE;
				CLANG_CXX_LANGUAGE_STANDARD = "gnu++20";
				CLANG_ENABLE_MODULES = YES;
				CLANG_ENABLE_OBJC_ARC = YES;
				CLANG_ENABLE_OBJC_WEAK = YES;
				CLANG_WARN_BLOCK_CAPTURE_AUTORELEASING = YES;
				CLANG_WARN_BOOL_CONVERSION = YES;
				CLANG_WARN_COMMA = YES;
				CLANG_WARN_CONSTANT_CONVERSION = YES;
				CLANG_WARN_DEPRECATED_OBJC_IMPLEMENTATIONS = YES;
				CLANG_WARN_DIRECT_OBJC_ISA_USAGE = YES_ERROR;
				CLANG_WARN_DOCUMENTATION_COMMENTS = YES;
				CLANG_WARN_EMPTY_BODY = YES;
				CLANG_WARN_ENUM_CONVERSION = YES;
				CLANG_WARN_INFINITE_RECURSION = YES;
				CLANG_WARN_INT_CONVERSION = YES;
				CLANG_WARN_NON_LITERAL_NULL_CONVERSION = YES;
				CLANG_WARN_OBJC_IMPLICIT_RETAIN_SELF = YES;
				CLANG_WARN_OBJC_LITERAL_CONVERSION = YES;
				CLANG_WARN_OBJC_ROOT_CLASS = YES_ERROR;
				CLANG_WARN_QUOTED_INCLUDE_IN_FRAMEWORK_HEADER = YES;
				CLANG_WARN_RANGE_LOOP_ANALYSIS = YES;
				CLANG_WARN_STRICT_PROTOTYPES = YES;
				CLANG_WARN_SUSPICIOUS_MOVE = YES;
				CLANG_WARN_UNGUARDED_AVAILABILITY = YES_AGGRESSIVE;
				CLANG_WARN_UNREACHABLE_CODE = YES;
				CLANG_WARN__DUPLICATE_METHOD_MATCH = YES;
				COPY_PHASE_STRIP = NO;
				DEBUG_INFORMATION_FORMAT = dwarf;
				ENABLE_STRICT_OBJC_MSGSEND = YES;
				ENABLE_TESTABILITY = YES;
				ENABLE_USER_SCRIPT_SANDBOXING = YES;
				GCC_C_LANGUAGE_STANDARD = gnu17;
				GCC_DYNAMIC_NO_PIC = NO;
				GCC_NO_COMMON_BLOCKS = YES;
				GCC_OPTIMIZATION_LEVEL = 0;
				GCC_PREPROCESSOR_DEFINITIONS = (
					"DEBUG=1",
					"$(inherited)",
				);
				GCC_WARN_64_TO_32_BIT_CONVERSION = YES;
				GCC_WARN_ABOUT_RETURN_TYPE = YES_ERROR;
				GCC_WARN_UNDECLARED_SELECTOR = YES;
				GCC_WARN_UNINITIALIZED_AUTOS = YES_AGGRESSIVE;
				GCC_WARN_UNUSED_FUNCTION = YES;
				GCC_WARN_UNUSED_VARIABLE = YES;
				IPHONEOS_DEPLOYMENT_TARGET = 17.2;
				LOCALIZATION_PREFERS_STRING_CATALOGS = YES;
				MTL_ENABLE_DEBUG_INFO = INCLUDE_SOURCE;
				MTL_FAST_MATH = YES;
				ONLY_ACTIVE_ARCH = YES;
				SDKROOT = iphoneos;
				SWIFT_ACTIVE_COMPILATION_CONDITIONS = "DEBUG $(inherited)";
				SWIFT_OPTIMIZATION_LEVEL = "-Onone";
			};
			name = Debug;
		};
		8B0451AA2B9745CB002F841E /* Release */ = {
			isa = XCBuildConfiguration;
			buildSettings = {
				ALWAYS_SEARCH_USER_PATHS = NO;
				ASSETCATALOG_COMPILER_GENERATE_SWIFT_ASSET_SYMBOL_EXTENSIONS = YES;
				CLANG_ANALYZER_NONNULL = YES;
				CLANG_ANALYZER_NUMBER_OBJECT_CONVERSION = YES_AGGRESSIVE;
				CLANG_CXX_LANGUAGE_STANDARD = "gnu++20";
				CLANG_ENABLE_MODULES = YES;
				CLANG_ENABLE_OBJC_ARC = YES;
				CLANG_ENABLE_OBJC_WEAK = YES;
				CLANG_WARN_BLOCK_CAPTURE_AUTORELEASING = YES;
				CLANG_WARN_BOOL_CONVERSION = YES;
				CLANG_WARN_COMMA = YES;
				CLANG_WARN_CONSTANT_CONVERSION = YES;
				CLANG_WARN_DEPRECATED_OBJC_IMPLEMENTATIONS = YES;
				CLANG_WARN_DIRECT_OBJC_ISA_USAGE = YES_ERROR;
				CLANG_WARN_DOCUMENTATION_COMMENTS = YES;
				CLANG_WARN_EMPTY_BODY = YES;
				CLANG_WARN_ENUM_CONVERSION = YES;
				CLANG_WARN_INFINITE_RECURSION = YES;
				CLANG_WARN_INT_CONVERSION = YES;
				CLANG_WARN_NON_LITERAL_NULL_CONVERSION = YES;
				CLANG_WARN_OBJC_IMPLICIT_RETAIN_SELF = YES;
				CLANG_WARN_OBJC_LITERAL_CONVERSION = YES;
				CLANG_WARN_OBJC_ROOT_CLASS = YES_ERROR;
				CLANG_WARN_QUOTED_INCLUDE_IN_FRAMEWORK_HEADER = YES;
				CLANG_WARN_RANGE_LOOP_ANALYSIS = YES;
				CLANG_WARN_STRICT_PROTOTYPES = YES;
				CLANG_WARN_SUSPICIOUS_MOVE = YES;
				CLANG_WARN_UNGUARDED_AVAILABILITY = YES_AGGRESSIVE;
				CLANG_WARN_UNREACHABLE_CODE = YES;
				CLANG_WARN__DUPLICATE_METHOD_MATCH = YES;
				COPY_PHASE_STRIP = NO;
				DEBUG_INFORMATION_FORMAT = "dwarf-with-dsym";
				ENABLE_NS_ASSERTIONS = NO;
				ENABLE_STRICT_OBJC_MSGSEND = YES;
				ENABLE_USER_SCRIPT_SANDBOXING = YES;
				GCC_C_LANGUAGE_STANDARD = gnu17;
				GCC_NO_COMMON_BLOCKS = YES;
				GCC_WARN_64_TO_32_BIT_CONVERSION = YES;
				GCC_WARN_ABOUT_RETURN_TYPE = YES_ERROR;
				GCC_WARN_UNDECLARED_SELECTOR = YES;
				GCC_WARN_UNINITIALIZED_AUTOS = YES_AGGRESSIVE;
				GCC_WARN_UNUSED_FUNCTION = YES;
				GCC_WARN_UNUSED_VARIABLE = YES;
				IPHONEOS_DEPLOYMENT_TARGET = 17.2;
				LOCALIZATION_PREFERS_STRING_CATALOGS = YES;
				MTL_ENABLE_DEBUG_INFO = NO;
				MTL_FAST_MATH = YES;
				SDKROOT = iphoneos;
				SWIFT_COMPILATION_MODE = wholemodule;
				VALIDATE_PRODUCT = YES;
			};
			name = Release;
		};
		8B0451AC2B9745CB002F841E /* Debug */ = {
			isa = XCBuildConfiguration;
			buildSettings = {
				ASSETCATALOG_COMPILER_APPICON_NAME = AppIcon;
				ASSETCATALOG_COMPILER_GLOBAL_ACCENT_COLOR_NAME = AccentColor;
				CODE_SIGN_STYLE = Automatic;
				CURRENT_PROJECT_VERSION = 1;
				DEVELOPMENT_ASSET_PATHS = "\"GroceriesStoreSwiftUI/Preview Content\"";
				DEVELOPMENT_TEAM = XH6RTA62K4;
				ENABLE_PREVIEWS = YES;
				GENERATE_INFOPLIST_FILE = YES;
				INFOPLIST_KEY_UIApplicationSceneManifest_Generation = YES;
				INFOPLIST_KEY_UIApplicationSupportsIndirectInputEvents = YES;
				INFOPLIST_KEY_UILaunchScreen_Generation = YES;
				INFOPLIST_KEY_UISupportedInterfaceOrientations_iPad = "UIInterfaceOrientationPortrait UIInterfaceOrientationPortraitUpsideDown UIInterfaceOrientationLandscapeLeft UIInterfaceOrientationLandscapeRight";
				INFOPLIST_KEY_UISupportedInterfaceOrientations_iPhone = "UIInterfaceOrientationPortrait UIInterfaceOrientationLandscapeLeft UIInterfaceOrientationLandscapeRight";
				LD_RUNPATH_SEARCH_PATHS = (
					"$(inherited)",
					"@executable_path/Frameworks",
				);
				MARKETING_VERSION = 1.0;
				PRODUCT_BUNDLE_IDENTIFIER = com.lavozdelgeek.GroceriesStoreSwiftUI;
				PRODUCT_NAME = "$(TARGET_NAME)";
				SWIFT_EMIT_LOC_STRINGS = YES;
				SWIFT_VERSION = 5.0;
				TARGETED_DEVICE_FAMILY = "1,2";
			};
			name = Debug;
		};
		8B0451AD2B9745CB002F841E /* Release */ = {
			isa = XCBuildConfiguration;
			buildSettings = {
				ASSETCATALOG_COMPILER_APPICON_NAME = AppIcon;
				ASSETCATALOG_COMPILER_GLOBAL_ACCENT_COLOR_NAME = AccentColor;
				CODE_SIGN_STYLE = Automatic;
				CURRENT_PROJECT_VERSION = 1;
				DEVELOPMENT_ASSET_PATHS = "\"GroceriesStoreSwiftUI/Preview Content\"";
				DEVELOPMENT_TEAM = XH6RTA62K4;
				ENABLE_PREVIEWS = YES;
				GENERATE_INFOPLIST_FILE = YES;
				INFOPLIST_KEY_UIApplicationSceneManifest_Generation = YES;
				INFOPLIST_KEY_UIApplicationSupportsIndirectInputEvents = YES;
				INFOPLIST_KEY_UILaunchScreen_Generation = YES;
				INFOPLIST_KEY_UISupportedInterfaceOrientations_iPad = "UIInterfaceOrientationPortrait UIInterfaceOrientationPortraitUpsideDown UIInterfaceOrientationLandscapeLeft UIInterfaceOrientationLandscapeRight";
				INFOPLIST_KEY_UISupportedInterfaceOrientations_iPhone = "UIInterfaceOrientationPortrait UIInterfaceOrientationLandscapeLeft UIInterfaceOrientationLandscapeRight";
				LD_RUNPATH_SEARCH_PATHS = (
					"$(inherited)",
					"@executable_path/Frameworks",
				);
				MARKETING_VERSION = 1.0;
				PRODUCT_BUNDLE_IDENTIFIER = com.lavozdelgeek.GroceriesStoreSwiftUI;
				PRODUCT_NAME = "$(TARGET_NAME)";
				SWIFT_EMIT_LOC_STRINGS = YES;
				SWIFT_VERSION = 5.0;
				TARGETED_DEVICE_FAMILY = "1,2";
			};
			name = Release;
		};
		8B0451AF2B9745CB002F841E /* Debug */ = {
			isa = XCBuildConfiguration;
			buildSettings = {
				ALWAYS_EMBED_SWIFT_STANDARD_LIBRARIES = YES;
				BUNDLE_LOADER = "$(TEST_HOST)";
				CODE_SIGN_STYLE = Automatic;
				CURRENT_PROJECT_VERSION = 1;
				DEVELOPMENT_TEAM = XH6RTA62K4;
				GENERATE_INFOPLIST_FILE = YES;
				IPHONEOS_DEPLOYMENT_TARGET = 17.2;
				MARKETING_VERSION = 1.0;
				PRODUCT_BUNDLE_IDENTIFIER = com.lavozdelgeek.GroceriesStoreSwiftUITests;
				PRODUCT_NAME = "$(TARGET_NAME)";
				SWIFT_EMIT_LOC_STRINGS = NO;
				SWIFT_VERSION = 5.0;
				TARGETED_DEVICE_FAMILY = "1,2";
				TEST_HOST = "$(BUILT_PRODUCTS_DIR)/GroceriesStoreSwiftUI.app/$(BUNDLE_EXECUTABLE_FOLDER_PATH)/GroceriesStoreSwiftUI";
			};
			name = Debug;
		};
		8B0451B02B9745CB002F841E /* Release */ = {
			isa = XCBuildConfiguration;
			buildSettings = {
				ALWAYS_EMBED_SWIFT_STANDARD_LIBRARIES = YES;
				BUNDLE_LOADER = "$(TEST_HOST)";
				CODE_SIGN_STYLE = Automatic;
				CURRENT_PROJECT_VERSION = 1;
				DEVELOPMENT_TEAM = XH6RTA62K4;
				GENERATE_INFOPLIST_FILE = YES;
				IPHONEOS_DEPLOYMENT_TARGET = 17.2;
				MARKETING_VERSION = 1.0;
				PRODUCT_BUNDLE_IDENTIFIER = com.lavozdelgeek.GroceriesStoreSwiftUITests;
				PRODUCT_NAME = "$(TARGET_NAME)";
				SWIFT_EMIT_LOC_STRINGS = NO;
				SWIFT_VERSION = 5.0;
				TARGETED_DEVICE_FAMILY = "1,2";
				TEST_HOST = "$(BUILT_PRODUCTS_DIR)/GroceriesStoreSwiftUI.app/$(BUNDLE_EXECUTABLE_FOLDER_PATH)/GroceriesStoreSwiftUI";
			};
			name = Release;
		};
		8B0451B22B9745CB002F841E /* Debug */ = {
			isa = XCBuildConfiguration;
			buildSettings = {
				ALWAYS_EMBED_SWIFT_STANDARD_LIBRARIES = YES;
				CODE_SIGN_STYLE = Automatic;
				CURRENT_PROJECT_VERSION = 1;
				DEVELOPMENT_TEAM = XH6RTA62K4;
				GENERATE_INFOPLIST_FILE = YES;
				MARKETING_VERSION = 1.0;
				PRODUCT_BUNDLE_IDENTIFIER = com.lavozdelgeek.GroceriesStoreSwiftUIUITests;
				PRODUCT_NAME = "$(TARGET_NAME)";
				SWIFT_EMIT_LOC_STRINGS = NO;
				SWIFT_VERSION = 5.0;
				TARGETED_DEVICE_FAMILY = "1,2";
				TEST_TARGET_NAME = GroceriesStoreSwiftUI;
			};
			name = Debug;
		};
		8B0451B32B9745CB002F841E /* Release */ = {
			isa = XCBuildConfiguration;
			buildSettings = {
				ALWAYS_EMBED_SWIFT_STANDARD_LIBRARIES = YES;
				CODE_SIGN_STYLE = Automatic;
				CURRENT_PROJECT_VERSION = 1;
				DEVELOPMENT_TEAM = XH6RTA62K4;
				GENERATE_INFOPLIST_FILE = YES;
				MARKETING_VERSION = 1.0;
				PRODUCT_BUNDLE_IDENTIFIER = com.lavozdelgeek.GroceriesStoreSwiftUIUITests;
				PRODUCT_NAME = "$(TARGET_NAME)";
				SWIFT_EMIT_LOC_STRINGS = NO;
				SWIFT_VERSION = 5.0;
				TARGETED_DEVICE_FAMILY = "1,2";
				TEST_TARGET_NAME = GroceriesStoreSwiftUI;
			};
			name = Release;
		};
/* End XCBuildConfiguration section */

/* Begin XCConfigurationList section */
		8B0451822B9745C9002F841E /* Build configuration list for PBXProject "GroceriesStoreSwiftUI" */ = {
			isa = XCConfigurationList;
			buildConfigurations = (
				8B0451A92B9745CB002F841E /* Debug */,
				8B0451AA2B9745CB002F841E /* Release */,
			);
			defaultConfigurationIsVisible = 0;
			defaultConfigurationName = Release;
		};
		8B0451AB2B9745CB002F841E /* Build configuration list for PBXNativeTarget "GroceriesStoreSwiftUI" */ = {
			isa = XCConfigurationList;
			buildConfigurations = (
				8B0451AC2B9745CB002F841E /* Debug */,
				8B0451AD2B9745CB002F841E /* Release */,
			);
			defaultConfigurationIsVisible = 0;
			defaultConfigurationName = Release;
		};
		8B0451AE2B9745CB002F841E /* Build configuration list for PBXNativeTarget "GroceriesStoreSwiftUITests" */ = {
			isa = XCConfigurationList;
			buildConfigurations = (
				8B0451AF2B9745CB002F841E /* Debug */,
				8B0451B02B9745CB002F841E /* Release */,
			);
			defaultConfigurationIsVisible = 0;
			defaultConfigurationName = Release;
		};
		8B0451B12B9745CB002F841E /* Build configuration list for PBXNativeTarget "GroceriesStoreSwiftUIUITests" */ = {
			isa = XCConfigurationList;
			buildConfigurations = (
				8B0451B22B9745CB002F841E /* Debug */,
				8B0451B32B9745CB002F841E /* Release */,
			);
			defaultConfigurationIsVisible = 0;
			defaultConfigurationName = Release;
		};
/* End XCConfigurationList section */
	};
	rootObject = 8B04517F2B9745C9002F841E /* Project object */;
}
